// !$*UTF8*$!
{
	archiveVersion = 1;
	classes = {
	};
	objectVersion = 50;
	objects = {

/* Begin PBXBuildFile section */
		E00FFDE12506732D0071909F /* Landmark.swift in Sources */ = {isa = PBXBuildFile; fileRef = E00FFDE02506732D0071909F /* Landmark.swift */; };
		E00FFDE3250673350071909F /* Data.swift in Sources */ = {isa = PBXBuildFile; fileRef = E00FFDE2250673350071909F /* Data.swift */; };
		E00FFDF22506738E0071909F /* turtlerock.jpg in Resources */ = {isa = PBXBuildFile; fileRef = E00FFDE52506738C0071909F /* turtlerock.jpg */; };
		E00FFDF32506738E0071909F /* landmarkData.json in Resources */ = {isa = PBXBuildFile; fileRef = E00FFDE62506738C0071909F /* landmarkData.json */; };
		E00FFDF42506738E0071909F /* icybay.jpg in Resources */ = {isa = PBXBuildFile; fileRef = E00FFDE72506738D0071909F /* icybay.jpg */; };
		E00FFDF52506738E0071909F /* stmarylake.jpg in Resources */ = {isa = PBXBuildFile; fileRef = E00FFDE82506738D0071909F /* stmarylake.jpg */; };
		E00FFDF62506738E0071909F /* hiddenlake.jpg in Resources */ = {isa = PBXBuildFile; fileRef = E00FFDE92506738D0071909F /* hiddenlake.jpg */; };
		E00FFDF72506738E0071909F /* lakemcdonald.jpg in Resources */ = {isa = PBXBuildFile; fileRef = E00FFDEA2506738D0071909F /* lakemcdonald.jpg */; };
		E00FFDF82506738E0071909F /* umbagog.jpg in Resources */ = {isa = PBXBuildFile; fileRef = E00FFDEB2506738D0071909F /* umbagog.jpg */; };
		E00FFDFA2506738E0071909F /* chilkoottrail.jpg in Resources */ = {isa = PBXBuildFile; fileRef = E00FFDED2506738D0071909F /* chilkoottrail.jpg */; };
		E00FFDFB2506738E0071909F /* chincoteague.jpg in Resources */ = {isa = PBXBuildFile; fileRef = E00FFDEE2506738E0071909F /* chincoteague.jpg */; };
		E00FFDFC2506738E0071909F /* twinlake.jpg in Resources */ = {isa = PBXBuildFile; fileRef = E00FFDEF2506738E0071909F /* twinlake.jpg */; };
		E00FFDFD2506738E0071909F /* rainbowlake.jpg in Resources */ = {isa = PBXBuildFile; fileRef = E00FFDF02506738E0071909F /* rainbowlake.jpg */; };
		E00FFDFE2506738E0071909F /* silversalmoncreek.jpg in Resources */ = {isa = PBXBuildFile; fileRef = E00FFDF12506738E0071909F /* silversalmoncreek.jpg */; };
		E00FFE002506739A0071909F /* LandmarkRow.swift in Sources */ = {isa = PBXBuildFile; fileRef = E00FFDFF2506739A0071909F /* LandmarkRow.swift */; };
		E00FFE02250673E20071909F /* LandmarkList.swift in Sources */ = {isa = PBXBuildFile; fileRef = E00FFE01250673E20071909F /* LandmarkList.swift */; };
		E02DBFEA2509CD34006EF5D9 /* Home.swift in Sources */ = {isa = PBXBuildFile; fileRef = E02DBFE92509CD34006EF5D9 /* Home.swift */; };
		E02DBFEC2509D0CC006EF5D9 /* CategoryRow.swift in Sources */ = {isa = PBXBuildFile; fileRef = E02DBFEB2509D0CC006EF5D9 /* CategoryRow.swift */; };
		E06E80D925091D7A00EA5053 /* HikeView.swift in Sources */ = {isa = PBXBuildFile; fileRef = E06E80D825091D7A00EA5053 /* HikeView.swift */; };
		E06E80DB25091DA000EA5053 /* HikeGraph.swift in Sources */ = {isa = PBXBuildFile; fileRef = E06E80DA25091DA000EA5053 /* HikeGraph.swift */; };
		E06E80DE25091DDF00EA5053 /* UserData.swift in Sources */ = {isa = PBXBuildFile; fileRef = E06E80DC25091DDF00EA5053 /* UserData.swift */; };
		E06E80DF25091DDF00EA5053 /* Hike.swift in Sources */ = {isa = PBXBuildFile; fileRef = E06E80DD25091DDF00EA5053 /* Hike.swift */; };
		E06E80E125091E6B00EA5053 /* HikeDetail.swift in Sources */ = {isa = PBXBuildFile; fileRef = E06E80E025091E6B00EA5053 /* HikeDetail.swift */; };
		E06E80E325091EFC00EA5053 /* hikeData.json in Resources */ = {isa = PBXBuildFile; fileRef = E06E80E225091EFC00EA5053 /* hikeData.json */; };
		E06E80E525091F6700EA5053 /* GraphCapsule.swift in Sources */ = {isa = PBXBuildFile; fileRef = E06E80E425091F6700EA5053 /* GraphCapsule.swift */; };
		E07523532507DC1E00CBFC13 /* RotatedBadgeSymbol.swift in Sources */ = {isa = PBXBuildFile; fileRef = E07523522507DC1E00CBFC13 /* RotatedBadgeSymbol.swift */; };
		E079E4B82507D4E2003568CE /* BadgeBackground.swift in Sources */ = {isa = PBXBuildFile; fileRef = E079E4B72507D4E2003568CE /* BadgeBackground.swift */; };
		E079E4BA2507D537003568CE /* HexagonParameters.swift in Sources */ = {isa = PBXBuildFile; fileRef = E079E4B92507D537003568CE /* HexagonParameters.swift */; };
		E079E4BC2507D9E4003568CE /* Badge.swift in Sources */ = {isa = PBXBuildFile; fileRef = E079E4BB2507D9E4003568CE /* Badge.swift */; };
		E079E4BE2507DA05003568CE /* BadgeSymbol.swift in Sources */ = {isa = PBXBuildFile; fileRef = E079E4BD2507DA05003568CE /* BadgeSymbol.swift */; };
		E0BDE81A25067DDB0038B4E5 /* charleyrivers.jpg in Resources */ = {isa = PBXBuildFile; fileRef = E0BDE81925067DDB0038B4E5 /* charleyrivers.jpg */; };
		E0ED020F250662EF0026849B /* AppDelegate.swift in Sources */ = {isa = PBXBuildFile; fileRef = E0ED020E250662EF0026849B /* AppDelegate.swift */; };
		E0ED0211250662EF0026849B /* SceneDelegate.swift in Sources */ = {isa = PBXBuildFile; fileRef = E0ED0210250662EF0026849B /* SceneDelegate.swift */; };
		E0ED0213250662EF0026849B /* LandmarkDetail.swift in Sources */ = {isa = PBXBuildFile; fileRef = E0ED0212250662EF0026849B /* LandmarkDetail.swift */; };
		E0ED0215250662F30026849B /* Assets.xcassets in Resources */ = {isa = PBXBuildFile; fileRef = E0ED0214250662F30026849B /* Assets.xcassets */; };
		E0ED0218250662F30026849B /* Preview Assets.xcassets in Resources */ = {isa = PBXBuildFile; fileRef = E0ED0217250662F30026849B /* Preview Assets.xcassets */; };
		E0ED021B250662F30026849B /* LaunchScreen.storyboard in Resources */ = {isa = PBXBuildFile; fileRef = E0ED0219250662F30026849B /* LaunchScreen.storyboard */; };
		E0ED0226250662F30026849B /* LandmarksTests.swift in Sources */ = {isa = PBXBuildFile; fileRef = E0ED0225250662F30026849B /* LandmarksTests.swift */; };
		E0ED0231250662F30026849B /* LandmarksUITests.swift in Sources */ = {isa = PBXBuildFile; fileRef = E0ED0230250662F30026849B /* LandmarksUITests.swift */; };
		E0ED02412506657B0026849B /* CircleImage.swift in Sources */ = {isa = PBXBuildFile; fileRef = E0ED02402506657B0026849B /* CircleImage.swift */; };
		E0ED0243250666520026849B /* MapView.swift in Sources */ = {isa = PBXBuildFile; fileRef = E0ED0242250666520026849B /* MapView.swift */; };
/* End PBXBuildFile section */

/* Begin PBXContainerItemProxy section */
		E0ED0222250662F30026849B /* PBXContainerItemProxy */ = {
			isa = PBXContainerItemProxy;
			containerPortal = E0ED0203250662EF0026849B /* Project object */;
			proxyType = 1;
			remoteGlobalIDString = E0ED020A250662EF0026849B;
			remoteInfo = Landmarks;
		};
		E0ED022D250662F30026849B /* PBXContainerItemProxy */ = {
			isa = PBXContainerItemProxy;
			containerPortal = E0ED0203250662EF0026849B /* Project object */;
			proxyType = 1;
			remoteGlobalIDString = E0ED020A250662EF0026849B;
			remoteInfo = Landmarks;
		};
/* End PBXContainerItemProxy section */

/* Begin PBXFileReference section */
		E00FFDE02506732D0071909F /* Landmark.swift */ = {isa = PBXFileReference; lastKnownFileType = sourcecode.swift; path = Landmark.swift; sourceTree = "<group>"; };
		E00FFDE2250673350071909F /* Data.swift */ = {isa = PBXFileReference; lastKnownFileType = sourcecode.swift; path = Data.swift; sourceTree = "<group>"; };
		E00FFDE52506738C0071909F /* turtlerock.jpg */ = {isa = PBXFileReference; lastKnownFileType = image.jpeg; path = turtlerock.jpg; sourceTree = "<group>"; };
		E00FFDE62506738C0071909F /* landmarkData.json */ = {isa = PBXFileReference; fileEncoding = 4; lastKnownFileType = text.json; path = landmarkData.json; sourceTree = "<group>"; };
		E00FFDE72506738D0071909F /* icybay.jpg */ = {isa = PBXFileReference; lastKnownFileType = image.jpeg; path = icybay.jpg; sourceTree = "<group>"; };
		E00FFDE82506738D0071909F /* stmarylake.jpg */ = {isa = PBXFileReference; lastKnownFileType = image.jpeg; path = stmarylake.jpg; sourceTree = "<group>"; };
		E00FFDE92506738D0071909F /* hiddenlake.jpg */ = {isa = PBXFileReference; lastKnownFileType = image.jpeg; path = hiddenlake.jpg; sourceTree = "<group>"; };
		E00FFDEA2506738D0071909F /* lakemcdonald.jpg */ = {isa = PBXFileReference; lastKnownFileType = image.jpeg; path = lakemcdonald.jpg; sourceTree = "<group>"; };
		E00FFDEB2506738D0071909F /* umbagog.jpg */ = {isa = PBXFileReference; lastKnownFileType = image.jpeg; path = umbagog.jpg; sourceTree = "<group>"; };
		E00FFDED2506738D0071909F /* chilkoottrail.jpg */ = {isa = PBXFileReference; lastKnownFileType = image.jpeg; path = chilkoottrail.jpg; sourceTree = "<group>"; };
		E00FFDEE2506738E0071909F /* chincoteague.jpg */ = {isa = PBXFileReference; lastKnownFileType = image.jpeg; path = chincoteague.jpg; sourceTree = "<group>"; };
		E00FFDEF2506738E0071909F /* twinlake.jpg */ = {isa = PBXFileReference; lastKnownFileType = image.jpeg; path = twinlake.jpg; sourceTree = "<group>"; };
		E00FFDF02506738E0071909F /* rainbowlake.jpg */ = {isa = PBXFileReference; lastKnownFileType = image.jpeg; path = rainbowlake.jpg; sourceTree = "<group>"; };
		E00FFDF12506738E0071909F /* silversalmoncreek.jpg */ = {isa = PBXFileReference; lastKnownFileType = image.jpeg; path = silversalmoncreek.jpg; sourceTree = "<group>"; };
		E00FFDFF2506739A0071909F /* LandmarkRow.swift */ = {isa = PBXFileReference; lastKnownFileType = sourcecode.swift; path = LandmarkRow.swift; sourceTree = "<group>"; };
		E00FFE01250673E20071909F /* LandmarkList.swift */ = {isa = PBXFileReference; lastKnownFileType = sourcecode.swift; path = LandmarkList.swift; sourceTree = "<group>"; };
		E02DBFE92509CD34006EF5D9 /* Home.swift */ = {isa = PBXFileReference; lastKnownFileType = sourcecode.swift; path = Home.swift; sourceTree = "<group>"; };
		E02DBFEB2509D0CC006EF5D9 /* CategoryRow.swift */ = {isa = PBXFileReference; lastKnownFileType = sourcecode.swift; path = CategoryRow.swift; sourceTree = "<group>"; };
		E06E80D825091D7A00EA5053 /* HikeView.swift */ = {isa = PBXFileReference; lastKnownFileType = sourcecode.swift; path = HikeView.swift; sourceTree = "<group>"; };
		E06E80DA25091DA000EA5053 /* HikeGraph.swift */ = {isa = PBXFileReference; lastKnownFileType = sourcecode.swift; path = HikeGraph.swift; sourceTree = "<group>"; };
		E06E80DC25091DDF00EA5053 /* UserData.swift */ = {isa = PBXFileReference; fileEncoding = 4; lastKnownFileType = sourcecode.swift; path = UserData.swift; sourceTree = "<group>"; };
		E06E80DD25091DDF00EA5053 /* Hike.swift */ = {isa = PBXFileReference; fileEncoding = 4; lastKnownFileType = sourcecode.swift; path = Hike.swift; sourceTree = "<group>"; };
		E06E80E025091E6B00EA5053 /* HikeDetail.swift */ = {isa = PBXFileReference; fileEncoding = 4; lastKnownFileType = sourcecode.swift; path = HikeDetail.swift; sourceTree = "<group>"; };
		E06E80E225091EFC00EA5053 /* hikeData.json */ = {isa = PBXFileReference; fileEncoding = 4; lastKnownFileType = text.json; path = hikeData.json; sourceTree = "<group>"; };
		E06E80E425091F6700EA5053 /* GraphCapsule.swift */ = {isa = PBXFileReference; lastKnownFileType = sourcecode.swift; path = GraphCapsule.swift; sourceTree = "<group>"; };
		E07523522507DC1E00CBFC13 /* RotatedBadgeSymbol.swift */ = {isa = PBXFileReference; lastKnownFileType = sourcecode.swift; path = RotatedBadgeSymbol.swift; sourceTree = "<group>"; };
		E079E4B72507D4E2003568CE /* BadgeBackground.swift */ = {isa = PBXFileReference; lastKnownFileType = sourcecode.swift; path = BadgeBackground.swift; sourceTree = "<group>"; };
		E079E4B92507D537003568CE /* HexagonParameters.swift */ = {isa = PBXFileReference; lastKnownFileType = sourcecode.swift; path = HexagonParameters.swift; sourceTree = "<group>"; };
		E079E4BB2507D9E4003568CE /* Badge.swift */ = {isa = PBXFileReference; lastKnownFileType = sourcecode.swift; path = Badge.swift; sourceTree = "<group>"; };
		E079E4BD2507DA05003568CE /* BadgeSymbol.swift */ = {isa = PBXFileReference; lastKnownFileType = sourcecode.swift; path = BadgeSymbol.swift; sourceTree = "<group>"; };
		E0BDE81925067DDB0038B4E5 /* charleyrivers.jpg */ = {isa = PBXFileReference; lastKnownFileType = image.jpeg; path = charleyrivers.jpg; sourceTree = "<group>"; };
		E0ED020B250662EF0026849B /* Landmarks.app */ = {isa = PBXFileReference; explicitFileType = wrapper.application; includeInIndex = 0; path = Landmarks.app; sourceTree = BUILT_PRODUCTS_DIR; };
		E0ED020E250662EF0026849B /* AppDelegate.swift */ = {isa = PBXFileReference; lastKnownFileType = sourcecode.swift; path = AppDelegate.swift; sourceTree = "<group>"; };
		E0ED0210250662EF0026849B /* SceneDelegate.swift */ = {isa = PBXFileReference; lastKnownFileType = sourcecode.swift; path = SceneDelegate.swift; sourceTree = "<group>"; };
		E0ED0212250662EF0026849B /* LandmarkDetail.swift */ = {isa = PBXFileReference; lastKnownFileType = sourcecode.swift; path = LandmarkDetail.swift; sourceTree = "<group>"; };
		E0ED0214250662F30026849B /* Assets.xcassets */ = {isa = PBXFileReference; lastKnownFileType = folder.assetcatalog; path = Assets.xcassets; sourceTree = "<group>"; };
		E0ED0217250662F30026849B /* Preview Assets.xcassets */ = {isa = PBXFileReference; lastKnownFileType = folder.assetcatalog; path = "Preview Assets.xcassets"; sourceTree = "<group>"; };
		E0ED021A250662F30026849B /* Base */ = {isa = PBXFileReference; lastKnownFileType = file.storyboard; name = Base; path = Base.lproj/LaunchScreen.storyboard; sourceTree = "<group>"; };
		E0ED021C250662F30026849B /* Info.plist */ = {isa = PBXFileReference; lastKnownFileType = text.plist.xml; path = Info.plist; sourceTree = "<group>"; };
		E0ED0221250662F30026849B /* LandmarksTests.xctest */ = {isa = PBXFileReference; explicitFileType = wrapper.cfbundle; includeInIndex = 0; path = LandmarksTests.xctest; sourceTree = BUILT_PRODUCTS_DIR; };
		E0ED0225250662F30026849B /* LandmarksTests.swift */ = {isa = PBXFileReference; lastKnownFileType = sourcecode.swift; path = LandmarksTests.swift; sourceTree = "<group>"; };
		E0ED0227250662F30026849B /* Info.plist */ = {isa = PBXFileReference; lastKnownFileType = text.plist.xml; path = Info.plist; sourceTree = "<group>"; };
		E0ED022C250662F30026849B /* LandmarksUITests.xctest */ = {isa = PBXFileReference; explicitFileType = wrapper.cfbundle; includeInIndex = 0; path = LandmarksUITests.xctest; sourceTree = BUILT_PRODUCTS_DIR; };
		E0ED0230250662F30026849B /* LandmarksUITests.swift */ = {isa = PBXFileReference; lastKnownFileType = sourcecode.swift; path = LandmarksUITests.swift; sourceTree = "<group>"; };
		E0ED0232250662F30026849B /* Info.plist */ = {isa = PBXFileReference; lastKnownFileType = text.plist.xml; path = Info.plist; sourceTree = "<group>"; };
		E0ED02402506657B0026849B /* CircleImage.swift */ = {isa = PBXFileReference; lastKnownFileType = sourcecode.swift; path = CircleImage.swift; sourceTree = "<group>"; };
		E0ED0242250666520026849B /* MapView.swift */ = {isa = PBXFileReference; lastKnownFileType = sourcecode.swift; path = MapView.swift; sourceTree = "<group>"; };
/* End PBXFileReference section */

/* Begin PBXFrameworksBuildPhase section */
		E0ED0208250662EF0026849B /* Frameworks */ = {
			isa = PBXFrameworksBuildPhase;
			buildActionMask = 2147483647;
			files = (
			);
			runOnlyForDeploymentPostprocessing = 0;
		};
		E0ED021E250662F30026849B /* Frameworks */ = {
			isa = PBXFrameworksBuildPhase;
			buildActionMask = 2147483647;
			files = (
			);
			runOnlyForDeploymentPostprocessing = 0;
		};
		E0ED0229250662F30026849B /* Frameworks */ = {
			isa = PBXFrameworksBuildPhase;
			buildActionMask = 2147483647;
			files = (
			);
			runOnlyForDeploymentPostprocessing = 0;
		};
/* End PBXFrameworksBuildPhase section */

/* Begin PBXGroup section */
		E00FFDDF250673200071909F /* Models */ = {
			isa = PBXGroup;
			children = (
				E06E80DD25091DDF00EA5053 /* Hike.swift */,
				E06E80DC25091DDF00EA5053 /* UserData.swift */,
				E00FFDE02506732D0071909F /* Landmark.swift */,
				E00FFDE2250673350071909F /* Data.swift */,
			);
			path = Models;
			sourceTree = "<group>";
		};
		E00FFDE4250673650071909F /* Resources */ = {
			isa = PBXGroup;
			children = (
				E06E80E225091EFC00EA5053 /* hikeData.json */,
				E0BDE81925067DDB0038B4E5 /* charleyrivers.jpg */,
				E00FFDED2506738D0071909F /* chilkoottrail.jpg */,
				E00FFDEE2506738E0071909F /* chincoteague.jpg */,
				E00FFDE92506738D0071909F /* hiddenlake.jpg */,
				E00FFDE72506738D0071909F /* icybay.jpg */,
				E00FFDEA2506738D0071909F /* lakemcdonald.jpg */,
				E00FFDE62506738C0071909F /* landmarkData.json */,
				E00FFDF02506738E0071909F /* rainbowlake.jpg */,
				E00FFDF12506738E0071909F /* silversalmoncreek.jpg */,
				E00FFDE82506738D0071909F /* stmarylake.jpg */,
				E00FFDE52506738C0071909F /* turtlerock.jpg */,
				E00FFDEF2506738E0071909F /* twinlake.jpg */,
				E00FFDEB2506738D0071909F /* umbagog.jpg */,
			);
			path = Resources;
			sourceTree = "<group>";
		};
		E0ED0202250662EF0026849B = {
			isa = PBXGroup;
			children = (
				E0ED020D250662EF0026849B /* Landmarks */,
				E0ED0224250662F30026849B /* LandmarksTests */,
				E0ED022F250662F30026849B /* LandmarksUITests */,
				E0ED020C250662EF0026849B /* Products */,
			);
			sourceTree = "<group>";
		};
		E0ED020C250662EF0026849B /* Products */ = {
			isa = PBXGroup;
			children = (
				E0ED020B250662EF0026849B /* Landmarks.app */,
				E0ED0221250662F30026849B /* LandmarksTests.xctest */,
				E0ED022C250662F30026849B /* LandmarksUITests.xctest */,
			);
			name = Products;
			sourceTree = "<group>";
		};
		E0ED020D250662EF0026849B /* Landmarks */ = {
			isa = PBXGroup;
			children = (
				E06E80E025091E6B00EA5053 /* HikeDetail.swift */,
				E00FFDE4250673650071909F /* Resources */,
				E00FFDDF250673200071909F /* Models */,
				E0ED020E250662EF0026849B /* AppDelegate.swift */,
				E0ED0210250662EF0026849B /* SceneDelegate.swift */,
				E0ED0212250662EF0026849B /* LandmarkDetail.swift */,
				E0ED0214250662F30026849B /* Assets.xcassets */,
				E0ED02402506657B0026849B /* CircleImage.swift */,
				E0ED0242250666520026849B /* MapView.swift */,
				E0ED0219250662F30026849B /* LaunchScreen.storyboard */,
				E0ED021C250662F30026849B /* Info.plist */,
				E0ED0216250662F30026849B /* Preview Content */,
				E00FFDFF2506739A0071909F /* LandmarkRow.swift */,
				E00FFE01250673E20071909F /* LandmarkList.swift */,
				E079E4B72507D4E2003568CE /* BadgeBackground.swift */,
				E079E4BB2507D9E4003568CE /* Badge.swift */,
				E06E80D825091D7A00EA5053 /* HikeView.swift */,
				E06E80DA25091DA000EA5053 /* HikeGraph.swift */,
				E02DBFE92509CD34006EF5D9 /* Home.swift */,
				E02DBFEB2509D0CC006EF5D9 /* CategoryRow.swift */,
				E079E4BD2507DA05003568CE /* BadgeSymbol.swift */,
				E07523522507DC1E00CBFC13 /* RotatedBadgeSymbol.swift */,
				E079E4B92507D537003568CE /* HexagonParameters.swift */,
				E06E80E425091F6700EA5053 /* GraphCapsule.swift */,
			);
			path = Landmarks;
			sourceTree = "<group>";
		};
		E0ED0216250662F30026849B /* Preview Content */ = {
			isa = PBXGroup;
			children = (
				E0ED0217250662F30026849B /* Preview Assets.xcassets */,
			);
			path = "Preview Content";
			sourceTree = "<group>";
		};
		E0ED0224250662F30026849B /* LandmarksTests */ = {
			isa = PBXGroup;
			children = (
				E0ED0225250662F30026849B /* LandmarksTests.swift */,
				E0ED0227250662F30026849B /* Info.plist */,
			);
			path = LandmarksTests;
			sourceTree = "<group>";
		};
		E0ED022F250662F30026849B /* LandmarksUITests */ = {
			isa = PBXGroup;
			children = (
				E0ED0230250662F30026849B /* LandmarksUITests.swift */,
				E0ED0232250662F30026849B /* Info.plist */,
			);
			path = LandmarksUITests;
			sourceTree = "<group>";
		};
/* End PBXGroup section */

/* Begin PBXNativeTarget section */
		E0ED020A250662EF0026849B /* Landmarks */ = {
			isa = PBXNativeTarget;
			buildConfigurationList = E0ED0235250662F30026849B /* Build configuration list for PBXNativeTarget "Landmarks" */;
			buildPhases = (
				E0ED0207250662EF0026849B /* Sources */,
				E0ED0208250662EF0026849B /* Frameworks */,
				E0ED0209250662EF0026849B /* Resources */,
			);
			buildRules = (
			);
			dependencies = (
			);
			name = Landmarks;
			productName = Landmarks;
			productReference = E0ED020B250662EF0026849B /* Landmarks.app */;
			productType = "com.apple.product-type.application";
		};
		E0ED0220250662F30026849B /* LandmarksTests */ = {
			isa = PBXNativeTarget;
			buildConfigurationList = E0ED0238250662F30026849B /* Build configuration list for PBXNativeTarget "LandmarksTests" */;
			buildPhases = (
				E0ED021D250662F30026849B /* Sources */,
				E0ED021E250662F30026849B /* Frameworks */,
				E0ED021F250662F30026849B /* Resources */,
			);
			buildRules = (
			);
			dependencies = (
				E0ED0223250662F30026849B /* PBXTargetDependency */,
			);
			name = LandmarksTests;
			productName = LandmarksTests;
			productReference = E0ED0221250662F30026849B /* LandmarksTests.xctest */;
			productType = "com.apple.product-type.bundle.unit-test";
		};
		E0ED022B250662F30026849B /* LandmarksUITests */ = {
			isa = PBXNativeTarget;
			buildConfigurationList = E0ED023B250662F30026849B /* Build configuration list for PBXNativeTarget "LandmarksUITests" */;
			buildPhases = (
				E0ED0228250662F30026849B /* Sources */,
				E0ED0229250662F30026849B /* Frameworks */,
				E0ED022A250662F30026849B /* Resources */,
			);
			buildRules = (
			);
			dependencies = (
				E0ED022E250662F30026849B /* PBXTargetDependency */,
			);
			name = LandmarksUITests;
			productName = LandmarksUITests;
			productReference = E0ED022C250662F30026849B /* LandmarksUITests.xctest */;
			productType = "com.apple.product-type.bundle.ui-testing";
		};
/* End PBXNativeTarget section */

/* Begin PBXProject section */
		E0ED0203250662EF0026849B /* Project object */ = {
			isa = PBXProject;
			attributes = {
				LastSwiftUpdateCheck = 1170;
				LastUpgradeCheck = 1170;
				ORGANIZATIONNAME = "Timothy Hoiberg";
				TargetAttributes = {
					E0ED020A250662EF0026849B = {
						CreatedOnToolsVersion = 11.7;
					};
					E0ED0220250662F30026849B = {
						CreatedOnToolsVersion = 11.7;
						TestTargetID = E0ED020A250662EF0026849B;
					};
					E0ED022B250662F30026849B = {
						CreatedOnToolsVersion = 11.7;
						TestTargetID = E0ED020A250662EF0026849B;
					};
				};
			};
			buildConfigurationList = E0ED0206250662EF0026849B /* Build configuration list for PBXProject "Landmarks" */;
			compatibilityVersion = "Xcode 9.3";
			developmentRegion = en;
			hasScannedForEncodings = 0;
			knownRegions = (
				en,
				Base,
			);
			mainGroup = E0ED0202250662EF0026849B;
			productRefGroup = E0ED020C250662EF0026849B /* Products */;
			projectDirPath = "";
			projectRoot = "";
			targets = (
				E0ED020A250662EF0026849B /* Landmarks */,
				E0ED0220250662F30026849B /* LandmarksTests */,
				E0ED022B250662F30026849B /* LandmarksUITests */,
			);
		};
/* End PBXProject section */

/* Begin PBXResourcesBuildPhase section */
		E0ED0209250662EF0026849B /* Resources */ = {
			isa = PBXResourcesBuildPhase;
			buildActionMask = 2147483647;
			files = (
				E00FFDF22506738E0071909F /* turtlerock.jpg in Resources */,
				E00FFDFD2506738E0071909F /* rainbowlake.jpg in Resources */,
				E06E80E325091EFC00EA5053 /* hikeData.json in Resources */,
				E00FFDFA2506738E0071909F /* chilkoottrail.jpg in Resources */,
				E0ED021B250662F30026849B /* LaunchScreen.storyboard in Resources */,
				E0ED0218250662F30026849B /* Preview Assets.xcassets in Resources */,
				E00FFDFC2506738E0071909F /* twinlake.jpg in Resources */,
				E00FFDF72506738E0071909F /* lakemcdonald.jpg in Resources */,
				E0BDE81A25067DDB0038B4E5 /* charleyrivers.jpg in Resources */,
				E00FFDFB2506738E0071909F /* chincoteague.jpg in Resources */,
				E00FFDF82506738E0071909F /* umbagog.jpg in Resources */,
				E00FFDF32506738E0071909F /* landmarkData.json in Resources */,
				E00FFDF42506738E0071909F /* icybay.jpg in Resources */,
				E0ED0215250662F30026849B /* Assets.xcassets in Resources */,
				E00FFDFE2506738E0071909F /* silversalmoncreek.jpg in Resources */,
				E00FFDF62506738E0071909F /* hiddenlake.jpg in Resources */,
				E00FFDF52506738E0071909F /* stmarylake.jpg in Resources */,
			);
			runOnlyForDeploymentPostprocessing = 0;
		};
		E0ED021F250662F30026849B /* Resources */ = {
			isa = PBXResourcesBuildPhase;
			buildActionMask = 2147483647;
			files = (
			);
			runOnlyForDeploymentPostprocessing = 0;
		};
		E0ED022A250662F30026849B /* Resources */ = {
			isa = PBXResourcesBuildPhase;
			buildActionMask = 2147483647;
			files = (
			);
			runOnlyForDeploymentPostprocessing = 0;
		};
/* End PBXResourcesBuildPhase section */

/* Begin PBXSourcesBuildPhase section */
		E0ED0207250662EF0026849B /* Sources */ = {
			isa = PBXSourcesBuildPhase;
			buildActionMask = 2147483647;
			files = (
				E02DBFEC2509D0CC006EF5D9 /* CategoryRow.swift in Sources */,
				E06E80E525091F6700EA5053 /* GraphCapsule.swift in Sources */,
				E07523532507DC1E00CBFC13 /* RotatedBadgeSymbol.swift in Sources */,
				E079E4BA2507D537003568CE /* HexagonParameters.swift in Sources */,
				E00FFDE3250673350071909F /* Data.swift in Sources */,
				E06E80DF25091DDF00EA5053 /* Hike.swift in Sources */,
				E0ED020F250662EF0026849B /* AppDelegate.swift in Sources */,
				E079E4B82507D4E2003568CE /* BadgeBackground.swift in Sources */,
				E06E80D925091D7A00EA5053 /* HikeView.swift in Sources */,
				E0ED02412506657B0026849B /* CircleImage.swift in Sources */,
				E0ED0243250666520026849B /* MapView.swift in Sources */,
				E00FFE02250673E20071909F /* LandmarkList.swift in Sources */,
				E079E4BE2507DA05003568CE /* BadgeSymbol.swift in Sources */,
				E0ED0211250662EF0026849B /* SceneDelegate.swift in Sources */,
				E02DBFEA2509CD34006EF5D9 /* Home.swift in Sources */,
				E0ED0213250662EF0026849B /* LandmarkDetail.swift in Sources */,
				E06E80DE25091DDF00EA5053 /* UserData.swift in Sources */,
				E00FFE002506739A0071909F /* LandmarkRow.swift in Sources */,
				E079E4BC2507D9E4003568CE /* Badge.swift in Sources */,
				E00FFDE12506732D0071909F /* Landmark.swift in Sources */,
				E06E80DB25091DA000EA5053 /* HikeGraph.swift in Sources */,
				E06E80E125091E6B00EA5053 /* HikeDetail.swift in Sources */,
			);
			runOnlyForDeploymentPostprocessing = 0;
		};
		E0ED021D250662F30026849B /* Sources */ = {
			isa = PBXSourcesBuildPhase;
			buildActionMask = 2147483647;
			files = (
				E0ED0226250662F30026849B /* LandmarksTests.swift in Sources */,
			);
			runOnlyForDeploymentPostprocessing = 0;
		};
		E0ED0228250662F30026849B /* Sources */ = {
			isa = PBXSourcesBuildPhase;
			buildActionMask = 2147483647;
			files = (
				E0ED0231250662F30026849B /* LandmarksUITests.swift in Sources */,
			);
			runOnlyForDeploymentPostprocessing = 0;
		};
/* End PBXSourcesBuildPhase section */

/* Begin PBXTargetDependency section */
		E0ED0223250662F30026849B /* PBXTargetDependency */ = {
			isa = PBXTargetDependency;
			target = E0ED020A250662EF0026849B /* Landmarks */;
			targetProxy = E0ED0222250662F30026849B /* PBXContainerItemProxy */;
		};
		E0ED022E250662F30026849B /* PBXTargetDependency */ = {
			isa = PBXTargetDependency;
			target = E0ED020A250662EF0026849B /* Landmarks */;
			targetProxy = E0ED022D250662F30026849B /* PBXContainerItemProxy */;
		};
/* End PBXTargetDependency section */

/* Begin PBXVariantGroup section */
		E0ED0219250662F30026849B /* LaunchScreen.storyboard */ = {
			isa = PBXVariantGroup;
			children = (
				E0ED021A250662F30026849B /* Base */,
			);
			name = LaunchScreen.storyboard;
			sourceTree = "<group>";
		};
/* End PBXVariantGroup section */

/* Begin XCBuildConfiguration section */
		E0ED0233250662F30026849B /* Debug */ = {
			isa = XCBuildConfiguration;
			buildSettings = {
				ALWAYS_SEARCH_USER_PATHS = NO;
				CLANG_ANALYZER_NONNULL = YES;
				CLANG_ANALYZER_NUMBER_OBJECT_CONVERSION = YES_AGGRESSIVE;
				CLANG_CXX_LANGUAGE_STANDARD = "gnu++14";
				CLANG_CXX_LIBRARY = "libc++";
				CLANG_ENABLE_MODULES = YES;
				CLANG_ENABLE_OBJC_ARC = YES;
				CLANG_ENABLE_OBJC_WEAK = YES;
				CLANG_WARN_BLOCK_CAPTURE_AUTORELEASING = YES;
				CLANG_WARN_BOOL_CONVERSION = YES;
				CLANG_WARN_COMMA = YES;
				CLANG_WARN_CONSTANT_CONVERSION = YES;
				CLANG_WARN_DEPRECATED_OBJC_IMPLEMENTATIONS = YES;
				CLANG_WARN_DIRECT_OBJC_ISA_USAGE = YES_ERROR;
				CLANG_WARN_DOCUMENTATION_COMMENTS = YES;
				CLANG_WARN_EMPTY_BODY = YES;
				CLANG_WARN_ENUM_CONVERSION = YES;
				CLANG_WARN_INFINITE_RECURSION = YES;
				CLANG_WARN_INT_CONVERSION = YES;
				CLANG_WARN_NON_LITERAL_NULL_CONVERSION = YES;
				CLANG_WARN_OBJC_IMPLICIT_RETAIN_SELF = YES;
				CLANG_WARN_OBJC_LITERAL_CONVERSION = YES;
				CLANG_WARN_OBJC_ROOT_CLASS = YES_ERROR;
				CLANG_WARN_RANGE_LOOP_ANALYSIS = YES;
				CLANG_WARN_STRICT_PROTOTYPES = YES;
				CLANG_WARN_SUSPICIOUS_MOVE = YES;
				CLANG_WARN_UNGUARDED_AVAILABILITY = YES_AGGRESSIVE;
				CLANG_WARN_UNREACHABLE_CODE = YES;
				CLANG_WARN__DUPLICATE_METHOD_MATCH = YES;
				COPY_PHASE_STRIP = NO;
				DEBUG_INFORMATION_FORMAT = dwarf;
				ENABLE_STRICT_OBJC_MSGSEND = YES;
				ENABLE_TESTABILITY = YES;
				GCC_C_LANGUAGE_STANDARD = gnu11;
				GCC_DYNAMIC_NO_PIC = NO;
				GCC_NO_COMMON_BLOCKS = YES;
				GCC_OPTIMIZATION_LEVEL = 0;
				GCC_PREPROCESSOR_DEFINITIONS = (
					"DEBUG=1",
					"$(inherited)",
				);
				GCC_WARN_64_TO_32_BIT_CONVERSION = YES;
				GCC_WARN_ABOUT_RETURN_TYPE = YES_ERROR;
				GCC_WARN_UNDECLARED_SELECTOR = YES;
				GCC_WARN_UNINITIALIZED_AUTOS = YES_AGGRESSIVE;
				GCC_WARN_UNUSED_FUNCTION = YES;
				GCC_WARN_UNUSED_VARIABLE = YES;
				IPHONEOS_DEPLOYMENT_TARGET = 13.7;
				MTL_ENABLE_DEBUG_INFO = INCLUDE_SOURCE;
				MTL_FAST_MATH = YES;
				ONLY_ACTIVE_ARCH = YES;
				SDKROOT = iphoneos;
				SWIFT_ACTIVE_COMPILATION_CONDITIONS = DEBUG;
				SWIFT_OPTIMIZATION_LEVEL = "-Onone";
			};
			name = Debug;
		};
		E0ED0234250662F30026849B /* Release */ = {
			isa = XCBuildConfiguration;
			buildSettings = {
				ALWAYS_SEARCH_USER_PATHS = NO;
				CLANG_ANALYZER_NONNULL = YES;
				CLANG_ANALYZER_NUMBER_OBJECT_CONVERSION = YES_AGGRESSIVE;
				CLANG_CXX_LANGUAGE_STANDARD = "gnu++14";
				CLANG_CXX_LIBRARY = "libc++";
				CLANG_ENABLE_MODULES = YES;
				CLANG_ENABLE_OBJC_ARC = YES;
				CLANG_ENABLE_OBJC_WEAK = YES;
				CLANG_WARN_BLOCK_CAPTURE_AUTORELEASING = YES;
				CLANG_WARN_BOOL_CONVERSION = YES;
				CLANG_WARN_COMMA = YES;
				CLANG_WARN_CONSTANT_CONVERSION = YES;
				CLANG_WARN_DEPRECATED_OBJC_IMPLEMENTATIONS = YES;
				CLANG_WARN_DIRECT_OBJC_ISA_USAGE = YES_ERROR;
				CLANG_WARN_DOCUMENTATION_COMMENTS = YES;
				CLANG_WARN_EMPTY_BODY = YES;
				CLANG_WARN_ENUM_CONVERSION = YES;
				CLANG_WARN_INFINITE_RECURSION = YES;
				CLANG_WARN_INT_CONVERSION = YES;
				CLANG_WARN_NON_LITERAL_NULL_CONVERSION = YES;
				CLANG_WARN_OBJC_IMPLICIT_RETAIN_SELF = YES;
				CLANG_WARN_OBJC_LITERAL_CONVERSION = YES;
				CLANG_WARN_OBJC_ROOT_CLASS = YES_ERROR;
				CLANG_WARN_RANGE_LOOP_ANALYSIS = YES;
				CLANG_WARN_STRICT_PROTOTYPES = YES;
				CLANG_WARN_SUSPICIOUS_MOVE = YES;
				CLANG_WARN_UNGUARDED_AVAILABILITY = YES_AGGRESSIVE;
				CLANG_WARN_UNREACHABLE_CODE = YES;
				CLANG_WARN__DUPLICATE_METHOD_MATCH = YES;
				COPY_PHASE_STRIP = NO;
				DEBUG_INFORMATION_FORMAT = "dwarf-with-dsym";
				ENABLE_NS_ASSERTIONS = NO;
				ENABLE_STRICT_OBJC_MSGSEND = YES;
				GCC_C_LANGUAGE_STANDARD = gnu11;
				GCC_NO_COMMON_BLOCKS = YES;
				GCC_WARN_64_TO_32_BIT_CONVERSION = YES;
				GCC_WARN_ABOUT_RETURN_TYPE = YES_ERROR;
				GCC_WARN_UNDECLARED_SELECTOR = YES;
				GCC_WARN_UNINITIALIZED_AUTOS = YES_AGGRESSIVE;
				GCC_WARN_UNUSED_FUNCTION = YES;
				GCC_WARN_UNUSED_VARIABLE = YES;
				IPHONEOS_DEPLOYMENT_TARGET = 13.7;
				MTL_ENABLE_DEBUG_INFO = NO;
				MTL_FAST_MATH = YES;
				SDKROOT = iphoneos;
				SWIFT_COMPILATION_MODE = wholemodule;
				SWIFT_OPTIMIZATION_LEVEL = "-O";
				VALIDATE_PRODUCT = YES;
			};
			name = Release;
		};
		E0ED0236250662F30026849B /* Debug */ = {
			isa = XCBuildConfiguration;
			buildSettings = {
				ASSETCATALOG_COMPILER_APPICON_NAME = AppIcon;
				CODE_SIGN_STYLE = Automatic;
				DEVELOPMENT_ASSET_PATHS = "\"Landmarks/Preview Content\"";
				ENABLE_PREVIEWS = YES;
				INFOPLIST_FILE = Landmarks/Info.plist;
				LD_RUNPATH_SEARCH_PATHS = (
					"$(inherited)",
					"@executable_path/Frameworks",
				);
				PRODUCT_BUNDLE_IDENTIFIER = thoiberg.Landmarks;
				PRODUCT_NAME = "$(TARGET_NAME)";
				SWIFT_VERSION = 5.0;
				TARGETED_DEVICE_FAMILY = "1,2";
			};
			name = Debug;
		};
		E0ED0237250662F30026849B /* Release */ = {
			isa = XCBuildConfiguration;
			buildSettings = {
				ASSETCATALOG_COMPILER_APPICON_NAME = AppIcon;
				CODE_SIGN_STYLE = Automatic;
				DEVELOPMENT_ASSET_PATHS = "\"Landmarks/Preview Content\"";
				ENABLE_PREVIEWS = YES;
				INFOPLIST_FILE = Landmarks/Info.plist;
				LD_RUNPATH_SEARCH_PATHS = (
					"$(inherited)",
					"@executable_path/Frameworks",
				);
				PRODUCT_BUNDLE_IDENTIFIER = thoiberg.Landmarks;
				PRODUCT_NAME = "$(TARGET_NAME)";
				SWIFT_VERSION = 5.0;
				TARGETED_DEVICE_FAMILY = "1,2";
			};
			name = Release;
		};
		E0ED0239250662F30026849B /* Debug */ = {
			isa = XCBuildConfiguration;
			buildSettings = {
				ALWAYS_EMBED_SWIFT_STANDARD_LIBRARIES = YES;
				BUNDLE_LOADER = "$(TEST_HOST)";
				CODE_SIGN_STYLE = Automatic;
				INFOPLIST_FILE = LandmarksTests/Info.plist;
				IPHONEOS_DEPLOYMENT_TARGET = 13.7;
				LD_RUNPATH_SEARCH_PATHS = (
					"$(inherited)",
					"@executable_path/Frameworks",
					"@loader_path/Frameworks",
				);
				PRODUCT_BUNDLE_IDENTIFIER = thoiberg.LandmarksTests;
				PRODUCT_NAME = "$(TARGET_NAME)";
				SWIFT_VERSION = 5.0;
				TARGETED_DEVICE_FAMILY = "1,2";
				TEST_HOST = "$(BUILT_PRODUCTS_DIR)/Landmarks.app/Landmarks";
			};
			name = Debug;
		};
		E0ED023A250662F30026849B /* Release */ = {
			isa = XCBuildConfiguration;
			buildSettings = {
				ALWAYS_EMBED_SWIFT_STANDARD_LIBRARIES = YES;
				BUNDLE_LOADER = "$(TEST_HOST)";
				CODE_SIGN_STYLE = Automatic;
				INFOPLIST_FILE = LandmarksTests/Info.plist;
				IPHONEOS_DEPLOYMENT_TARGET = 13.7;
				LD_RUNPATH_SEARCH_PATHS = (
					"$(inherited)",
					"@executable_path/Frameworks",
					"@loader_path/Frameworks",
				);
				PRODUCT_BUNDLE_IDENTIFIER = thoiberg.LandmarksTests;
				PRODUCT_NAME = "$(TARGET_NAME)";
				SWIFT_VERSION = 5.0;
				TARGETED_DEVICE_FAMILY = "1,2";
				TEST_HOST = "$(BUILT_PRODUCTS_DIR)/Landmarks.app/Landmarks";
			};
			name = Release;
		};
		E0ED023C250662F30026849B /* Debug */ = {
			isa = XCBuildConfiguration;
			buildSettings = {
				ALWAYS_EMBED_SWIFT_STANDARD_LIBRARIES = YES;
				CODE_SIGN_STYLE = Automatic;
				INFOPLIST_FILE = LandmarksUITests/Info.plist;
				LD_RUNPATH_SEARCH_PATHS = (
					"$(inherited)",
					"@executable_path/Frameworks",
					"@loader_path/Frameworks",
				);
				PRODUCT_BUNDLE_IDENTIFIER = thoiberg.LandmarksUITests;
				PRODUCT_NAME = "$(TARGET_NAME)";
				SWIFT_VERSION = 5.0;
				TARGETED_DEVICE_FAMILY = "1,2";
				TEST_TARGET_NAME = Landmarks;
			};
			name = Debug;
		};
		E0ED023D250662F30026849B /* Release */ = {
			isa = XCBuildConfiguration;
			buildSettings = {
				ALWAYS_EMBED_SWIFT_STANDARD_LIBRARIES = YES;
				CODE_SIGN_STYLE = Automatic;
				INFOPLIST_FILE = LandmarksUITests/Info.plist;
				LD_RUNPATH_SEARCH_PATHS = (
					"$(inherited)",
					"@executable_path/Frameworks",
					"@loader_path/Frameworks",
				);
				PRODUCT_BUNDLE_IDENTIFIER = thoiberg.LandmarksUITests;
				PRODUCT_NAME = "$(TARGET_NAME)";
				SWIFT_VERSION = 5.0;
				TARGETED_DEVICE_FAMILY = "1,2";
				TEST_TARGET_NAME = Landmarks;
			};
			name = Release;
		};
/* End XCBuildConfiguration section */

/* Begin XCConfigurationList section */
		E0ED0206250662EF0026849B /* Build configuration list for PBXProject "Landmarks" */ = {
			isa = XCConfigurationList;
			buildConfigurations = (
				E0ED0233250662F30026849B /* Debug */,
				E0ED0234250662F30026849B /* Release */,
			);
			defaultConfigurationIsVisible = 0;
			defaultConfigurationName = Release;
		};
		E0ED0235250662F30026849B /* Build configuration list for PBXNativeTarget "Landmarks" */ = {
			isa = XCConfigurationList;
			buildConfigurations = (
				E0ED0236250662F30026849B /* Debug */,
				E0ED0237250662F30026849B /* Release */,
			);
			defaultConfigurationIsVisible = 0;
			defaultConfigurationName = Release;
		};
		E0ED0238250662F30026849B /* Build configuration list for PBXNativeTarget "LandmarksTests" */ = {
			isa = XCConfigurationList;
			buildConfigurations = (
				E0ED0239250662F30026849B /* Debug */,
				E0ED023A250662F30026849B /* Release */,
			);
			defaultConfigurationIsVisible = 0;
			defaultConfigurationName = Release;
		};
		E0ED023B250662F30026849B /* Build configuration list for PBXNativeTarget "LandmarksUITests" */ = {
			isa = XCConfigurationList;
			buildConfigurations = (
				E0ED023C250662F30026849B /* Debug */,
				E0ED023D250662F30026849B /* Release */,
			);
			defaultConfigurationIsVisible = 0;
			defaultConfigurationName = Release;
		};
/* End XCConfigurationList section */
	};
	rootObject = E0ED0203250662EF0026849B /* Project object */;
}
