// !$*UTF8*$!
{
	archiveVersion = 1;
	classes = {
	};
	objectVersion = 50;
	objects = {

/* Begin PBXBuildFile section */
		E00FFDE12506732D0071909F /* Landmark.swift in Sources */ = {isa = PBXBuildFile; fileRef = E00FFDE02506732D0071909F /* Landmark.swift */; };
		E00FFDE3250673350071909F /* Data.swift in Sources */ = {isa = PBXBuildFile; fileRef = E00FFDE2250673350071909F /* Data.swift */; };
		E00FFDF22506738E0071909F /* turtlerock.jpg in Resources */ = {isa = PBXBuildFile; fileRef = E00FFDE52506738C0071909F /* turtlerock.jpg */; };
		E00FFDF32506738E0071909F /* landmarkData.json in Resources */ = {isa = PBXBuildFile; fileRef = E00FFDE62506738C0071909F /* landmarkData.json */; };
		E00FFDF42506738E0071909F /* icybay.jpg in Resources */ = {isa = PBXBuildFile; fileRef = E00FFDE72506738D0071909F /* icybay.jpg */; };
		E00FFDF52506738E0071909F /* stmarylake.jpg in Resources */ = {isa = PBXBuildFile; fileRef = E00FFDE82506738D0071909F /* stmarylake.jpg */; };
		E00FFDF62506738E0071909F /* hiddenlake.jpg in Resources */ = {isa = PBXBuildFile; fileRef = E00FFDE92506738D0071909F /* hiddenlake.jpg */; };
		E00FFDF72506738E0071909F /* lakemcdonald.jpg in Resources */ = {isa = PBXBuildFile; fileRef = E00FFDEA2506738D0071909F /* lakemcdonald.jpg */; };
		E00FFDF82506738E0071909F /* umbagog.jpg in Resources */ = {isa = PBXBuildFile; fileRef = E00FFDEB2506738D0071909F /* umbagog.jpg */; };
		E00FFDFA2506738E0071909F /* chilkoottrail.jpg in Resources */ = {isa = PBXBuildFile; fileRef = E00FFDED2506738D0071909F /* chilkoottrail.jpg */; };
		E00FFDFB2506738E0071909F /* chincoteague.jpg in Resources */ = {isa = PBXBuildFile; fileRef = E00FFDEE2506738E0071909F /* chincoteague.jpg */; };
		E00FFDFC2506738E0071909F /* twinlake.jpg in Resources */ = {isa = PBXBuildFile; fileRef = E00FFDEF2506738E0071909F /* twinlake.jpg */; };
		E00FFDFD2506738E0071909F /* rainbowlake.jpg in Resources */ = {isa = PBXBuildFile; fileRef = E00FFDF02506738E0071909F /* rainbowlake.jpg */; };
		E00FFDFE2506738E0071909F /* silversalmoncreek.jpg in Resources */ = {isa = PBXBuildFile; fileRef = E00FFDF12506738E0071909F /* silversalmoncreek.jpg */; };
		E00FFE002506739A0071909F /* LandmarkRow.swift in Sources */ = {isa = PBXBuildFile; fileRef = E00FFDFF2506739A0071909F /* LandmarkRow.swift */; };
		E00FFE02250673E20071909F /* LandmarkList.swift in Sources */ = {isa = PBXBuildFile; fileRef = E00FFE01250673E20071909F /* LandmarkList.swift */; };
		E02DBFEA2509CD34006EF5D9 /* Home.swift in Sources */ = {isa = PBXBuildFile; fileRef = E02DBFE92509CD34006EF5D9 /* Home.swift */; };
		E02DBFEC2509D0CC006EF5D9 /* CategoryRow.swift in Sources */ = {isa = PBXBuildFile; fileRef = E02DBFEB2509D0CC006EF5D9 /* CategoryRow.swift */; };
		E02DBFF1250A4C38006EF5D9 /* ProfileHost.swift in Sources */ = {isa = PBXBuildFile; fileRef = E02DBFF0250A4C38006EF5D9 /* ProfileHost.swift */; };
		E02DBFF3250A4CC7006EF5D9 /* Profile.swift in Sources */ = {isa = PBXBuildFile; fileRef = E02DBFF2250A4CC7006EF5D9 /* Profile.swift */; };
		E02DBFF5250A4D74006EF5D9 /* ProfileSummary.swift in Sources */ = {isa = PBXBuildFile; fileRef = E02DBFF4250A4D74006EF5D9 /* ProfileSummary.swift */; };
		E06E80D925091D7A00EA5053 /* HikeView.swift in Sources */ = {isa = PBXBuildFile; fileRef = E06E80D825091D7A00EA5053 /* HikeView.swift */; };
		E06E80DB25091DA000EA5053 /* HikeGraph.swift in Sources */ = {isa = PBXBuildFile; fileRef = E06E80DA25091DA000EA5053 /* HikeGraph.swift */; };
		E06E80DE25091DDF00EA5053 /* UserData.swift in Sources */ = {isa = PBXBuildFile; fileRef = E06E80DC25091DDF00EA5053 /* UserData.swift */; };
		E06E80DF25091DDF00EA5053 /* Hike.swift in Sources */ = {isa = PBXBuildFile; fileRef = E06E80DD25091DDF00EA5053 /* Hike.swift */; };
		E06E80E125091E6B00EA5053 /* HikeDetail.swift in Sources */ = {isa = PBXBuildFile; fileRef = E06E80E025091E6B00EA5053 /* HikeDetail.swift */; };
		E06E80E325091EFC00EA5053 /* hikeData.json in Resources */ = {isa = PBXBuildFile; fileRef = E06E80E225091EFC00EA5053 /* hikeData.json */; };
		E06E80E525091F6700EA5053 /* GraphCapsule.swift in Sources */ = {isa = PBXBuildFile; fileRef = E06E80E425091F6700EA5053 /* GraphCapsule.swift */; };
		E07523532507DC1E00CBFC13 /* RotatedBadgeSymbol.swift in Sources */ = {isa = PBXBuildFile; fileRef = E07523522507DC1E00CBFC13 /* RotatedBadgeSymbol.swift */; };
		E079E4B82507D4E2003568CE /* BadgeBackground.swift in Sources */ = {isa = PBXBuildFile; fileRef = E079E4B72507D4E2003568CE /* BadgeBackground.swift */; };
		E079E4BA2507D537003568CE /* HexagonParameters.swift in Sources */ = {isa = PBXBuildFile; fileRef = E079E4B92507D537003568CE /* HexagonParameters.swift */; };
		E079E4BC2507D9E4003568CE /* Badge.swift in Sources */ = {isa = PBXBuildFile; fileRef = E079E4BB2507D9E4003568CE /* Badge.swift */; };
		E079E4BE2507DA05003568CE /* BadgeSymbol.swift in Sources */ = {isa = PBXBuildFile; fileRef = E079E4BD2507DA05003568CE /* BadgeSymbol.swift */; };
		E0BDE81A25067DDB0038B4E5 /* charleyrivers.jpg in Resources */ = {isa = PBXBuildFile; fileRef = E0BDE81925067DDB0038B4E5 /* charleyrivers.jpg */; };
		E0C6AFBF250CEFFC005769BE /* NavigationPrimary.swift in Sources */ = {isa = PBXBuildFile; fileRef = E0C6AFBE250CEFFC005769BE /* NavigationPrimary.swift */; };
		E0C6AFC0250CF28E005769BE /* CircleImage.swift in Sources */ = {isa = PBXBuildFile; fileRef = E0ED02402506657B0026849B /* CircleImage.swift */; };
		E0C6AFC1250CF2D7005769BE /* MapView.swift in Sources */ = {isa = PBXBuildFile; fileRef = E0ED0242250666520026849B /* MapView.swift */; };
		E0C6AFC3250CF4DD005769BE /* NavigationDetail.swift in Sources */ = {isa = PBXBuildFile; fileRef = E0C6AFC2250CF4DD005769BE /* NavigationDetail.swift */; };
		E0DDD51D250A4EFB0018CB15 /* HikeBadge.swift in Sources */ = {isa = PBXBuildFile; fileRef = E0DDD51C250A4EFB0018CB15 /* HikeBadge.swift */; };
		E0DDD51F250A58FD0018CB15 /* ProfileEditor.swift in Sources */ = {isa = PBXBuildFile; fileRef = E0DDD51E250A58FD0018CB15 /* ProfileEditor.swift */; };
		E0DDD521250C71D90018CB15 /* PageViewController.swift in Sources */ = {isa = PBXBuildFile; fileRef = E0DDD520250C71D80018CB15 /* PageViewController.swift */; };
		E0DDD523250C73F40018CB15 /* PageView.swift in Sources */ = {isa = PBXBuildFile; fileRef = E0DDD522250C73F40018CB15 /* PageView.swift */; };
		E0DDD525250C76970018CB15 /* FeatureCard.swift in Sources */ = {isa = PBXBuildFile; fileRef = E0DDD524250C76970018CB15 /* FeatureCard.swift */; };
		E0DDD529250C77A70018CB15 /* charleyrivers_feature.jpg in Resources */ = {isa = PBXBuildFile; fileRef = E0DDD526250C77A60018CB15 /* charleyrivers_feature.jpg */; };
		E0DDD52A250C77A70018CB15 /* stmarylake_feature.jpg in Resources */ = {isa = PBXBuildFile; fileRef = E0DDD527250C77A70018CB15 /* stmarylake_feature.jpg */; };
		E0DDD52B250C77A70018CB15 /* turtlerock_feature.jpg in Resources */ = {isa = PBXBuildFile; fileRef = E0DDD528250C77A70018CB15 /* turtlerock_feature.jpg */; };
		E0DDD52D250C7F6D0018CB15 /* PageControl.swift in Sources */ = {isa = PBXBuildFile; fileRef = E0DDD52C250C7F6D0018CB15 /* PageControl.swift */; };
		E0DDD534250C88560018CB15 /* Interface.storyboard in Resources */ = {isa = PBXBuildFile; fileRef = E0DDD532250C88560018CB15 /* Interface.storyboard */; };
		E0DDD53D250C885A0018CB15 /* WatchLandmarks Extension.appex in Embed App Extensions */ = {isa = PBXBuildFile; fileRef = E0DDD53C250C885A0018CB15 /* WatchLandmarks Extension.appex */; settings = {ATTRIBUTES = (RemoveHeadersOnCopy, ); }; };
		E0DDD542250C885A0018CB15 /* ContentView.swift in Sources */ = {isa = PBXBuildFile; fileRef = E0DDD541250C885A0018CB15 /* ContentView.swift */; };
		E0DDD544250C885A0018CB15 /* HostingController.swift in Sources */ = {isa = PBXBuildFile; fileRef = E0DDD543250C885A0018CB15 /* HostingController.swift */; };
		E0DDD546250C885A0018CB15 /* ExtensionDelegate.swift in Sources */ = {isa = PBXBuildFile; fileRef = E0DDD545250C885A0018CB15 /* ExtensionDelegate.swift */; };
		E0DDD548250C885A0018CB15 /* NotificationController.swift in Sources */ = {isa = PBXBuildFile; fileRef = E0DDD547250C885A0018CB15 /* NotificationController.swift */; };
		E0DDD54A250C885A0018CB15 /* NotificationView.swift in Sources */ = {isa = PBXBuildFile; fileRef = E0DDD549250C885A0018CB15 /* NotificationView.swift */; };
		E0DDD54C250C885A0018CB15 /* Assets.xcassets in Resources */ = {isa = PBXBuildFile; fileRef = E0DDD54B250C885A0018CB15 /* Assets.xcassets */; };
		E0DDD54F250C885A0018CB15 /* Preview Assets.xcassets in Resources */ = {isa = PBXBuildFile; fileRef = E0DDD54E250C885A0018CB15 /* Preview Assets.xcassets */; };
		E0DDD554250C885A0018CB15 /* WatchLandmarks.app in Embed Watch Content */ = {isa = PBXBuildFile; fileRef = E0DDD530250C88560018CB15 /* WatchLandmarks.app */; settings = {ATTRIBUTES = (RemoveHeadersOnCopy, ); }; };
		E0DDD55D250C89600018CB15 /* Hike.swift in Sources */ = {isa = PBXBuildFile; fileRef = E06E80DD25091DDF00EA5053 /* Hike.swift */; };
		E0DDD55E250C89600018CB15 /* UserData.swift in Sources */ = {isa = PBXBuildFile; fileRef = E06E80DC25091DDF00EA5053 /* UserData.swift */; };
		E0DDD55F250C89600018CB15 /* Landmark.swift in Sources */ = {isa = PBXBuildFile; fileRef = E00FFDE02506732D0071909F /* Landmark.swift */; };
		E0DDD560250C89600018CB15 /* Data.swift in Sources */ = {isa = PBXBuildFile; fileRef = E00FFDE2250673350071909F /* Data.swift */; };
		E0DDD561250C89600018CB15 /* Profile.swift in Sources */ = {isa = PBXBuildFile; fileRef = E02DBFF2250A4CC7006EF5D9 /* Profile.swift */; };
		E0DDD562250C89600018CB15 /* CircleImage.swift in Sources */ = {isa = PBXBuildFile; fileRef = E0ED02402506657B0026849B /* CircleImage.swift */; };
		E0DDD563250C89600018CB15 /* LandmarkRow.swift in Sources */ = {isa = PBXBuildFile; fileRef = E00FFDFF2506739A0071909F /* LandmarkRow.swift */; };
		E0DDD565250C8B8C0018CB15 /* Assets.xcassets in Resources */ = {isa = PBXBuildFile; fileRef = E0ED0214250662F30026849B /* Assets.xcassets */; };
		E0DDD566250C8BA30018CB15 /* charleyrivers_feature.jpg in Resources */ = {isa = PBXBuildFile; fileRef = E0DDD526250C77A60018CB15 /* charleyrivers_feature.jpg */; };
		E0DDD567250C8BA30018CB15 /* stmarylake_feature.jpg in Resources */ = {isa = PBXBuildFile; fileRef = E0DDD527250C77A70018CB15 /* stmarylake_feature.jpg */; };
		E0DDD568250C8BA30018CB15 /* turtlerock_feature.jpg in Resources */ = {isa = PBXBuildFile; fileRef = E0DDD528250C77A70018CB15 /* turtlerock_feature.jpg */; };
		E0DDD569250C8BA30018CB15 /* hikeData.json in Resources */ = {isa = PBXBuildFile; fileRef = E06E80E225091EFC00EA5053 /* hikeData.json */; };
		E0DDD56A250C8BA30018CB15 /* charleyrivers.jpg in Resources */ = {isa = PBXBuildFile; fileRef = E0BDE81925067DDB0038B4E5 /* charleyrivers.jpg */; };
		E0DDD56B250C8BA30018CB15 /* chilkoottrail.jpg in Resources */ = {isa = PBXBuildFile; fileRef = E00FFDED2506738D0071909F /* chilkoottrail.jpg */; };
		E0DDD56C250C8BA30018CB15 /* chincoteague.jpg in Resources */ = {isa = PBXBuildFile; fileRef = E00FFDEE2506738E0071909F /* chincoteague.jpg */; };
		E0DDD56D250C8BA30018CB15 /* hiddenlake.jpg in Resources */ = {isa = PBXBuildFile; fileRef = E00FFDE92506738D0071909F /* hiddenlake.jpg */; };
		E0DDD56E250C8BA30018CB15 /* icybay.jpg in Resources */ = {isa = PBXBuildFile; fileRef = E00FFDE72506738D0071909F /* icybay.jpg */; };
		E0DDD56F250C8BA30018CB15 /* lakemcdonald.jpg in Resources */ = {isa = PBXBuildFile; fileRef = E00FFDEA2506738D0071909F /* lakemcdonald.jpg */; };
		E0DDD570250C8BA30018CB15 /* landmarkData.json in Resources */ = {isa = PBXBuildFile; fileRef = E00FFDE62506738C0071909F /* landmarkData.json */; };
		E0DDD571250C8BA30018CB15 /* rainbowlake.jpg in Resources */ = {isa = PBXBuildFile; fileRef = E00FFDF02506738E0071909F /* rainbowlake.jpg */; };
		E0DDD572250C8BA30018CB15 /* silversalmoncreek.jpg in Resources */ = {isa = PBXBuildFile; fileRef = E00FFDF12506738E0071909F /* silversalmoncreek.jpg */; };
		E0DDD573250C8BA30018CB15 /* stmarylake.jpg in Resources */ = {isa = PBXBuildFile; fileRef = E00FFDE82506738D0071909F /* stmarylake.jpg */; };
		E0DDD574250C8BA30018CB15 /* turtlerock.jpg in Resources */ = {isa = PBXBuildFile; fileRef = E00FFDE52506738C0071909F /* turtlerock.jpg */; };
		E0DDD575250C8BA30018CB15 /* twinlake.jpg in Resources */ = {isa = PBXBuildFile; fileRef = E00FFDEF2506738E0071909F /* twinlake.jpg */; };
		E0DDD576250C8BA30018CB15 /* umbagog.jpg in Resources */ = {isa = PBXBuildFile; fileRef = E00FFDEB2506738D0071909F /* umbagog.jpg */; };
		E0DDD578250C8BF60018CB15 /* WatchLandmarkDetail.swift in Sources */ = {isa = PBXBuildFile; fileRef = E0DDD577250C8BF60018CB15 /* WatchLandmarkDetail.swift */; };
		E0DDD57A250C95300018CB15 /* WatchMapView.swift in Sources */ = {isa = PBXBuildFile; fileRef = E0DDD579250C95300018CB15 /* WatchMapView.swift */; };
		E0DDD57B250C9C230018CB15 /* LandmarkList.swift in Sources */ = {isa = PBXBuildFile; fileRef = E00FFE01250673E20071909F /* LandmarkList.swift */; };
		E0DDD583250CB6490018CB15 /* AppDelegate.swift in Sources */ = {isa = PBXBuildFile; fileRef = E0DDD582250CB6490018CB15 /* AppDelegate.swift */; };
		E0DDD585250CB6490018CB15 /* ContentView.swift in Sources */ = {isa = PBXBuildFile; fileRef = E0DDD584250CB6490018CB15 /* ContentView.swift */; };
		E0DDD587250CB64C0018CB15 /* Assets.xcassets in Resources */ = {isa = PBXBuildFile; fileRef = E0DDD586250CB64C0018CB15 /* Assets.xcassets */; };
		E0DDD58A250CB64C0018CB15 /* Preview Assets.xcassets in Resources */ = {isa = PBXBuildFile; fileRef = E0DDD589250CB64C0018CB15 /* Preview Assets.xcassets */; };
		E0DDD58D250CB64C0018CB15 /* Main.storyboard in Resources */ = {isa = PBXBuildFile; fileRef = E0DDD58B250CB64C0018CB15 /* Main.storyboard */; };
		E0DDD599250CB64C0018CB15 /* MacLandmarksTests.swift in Sources */ = {isa = PBXBuildFile; fileRef = E0DDD598250CB64C0018CB15 /* MacLandmarksTests.swift */; };
		E0DDD5A4250CB64C0018CB15 /* MacLandmarksUITests.swift in Sources */ = {isa = PBXBuildFile; fileRef = E0DDD5A3250CB64C0018CB15 /* MacLandmarksUITests.swift */; };
		E0DDD5AF250CB7670018CB15 /* charleyrivers_feature.jpg in Resources */ = {isa = PBXBuildFile; fileRef = E0DDD526250C77A60018CB15 /* charleyrivers_feature.jpg */; };
		E0DDD5B0250CB7670018CB15 /* stmarylake_feature.jpg in Resources */ = {isa = PBXBuildFile; fileRef = E0DDD527250C77A70018CB15 /* stmarylake_feature.jpg */; };
		E0DDD5B1250CB7670018CB15 /* turtlerock_feature.jpg in Resources */ = {isa = PBXBuildFile; fileRef = E0DDD528250C77A70018CB15 /* turtlerock_feature.jpg */; };
		E0DDD5B2250CB7670018CB15 /* hikeData.json in Resources */ = {isa = PBXBuildFile; fileRef = E06E80E225091EFC00EA5053 /* hikeData.json */; };
		E0DDD5B3250CB7670018CB15 /* charleyrivers.jpg in Resources */ = {isa = PBXBuildFile; fileRef = E0BDE81925067DDB0038B4E5 /* charleyrivers.jpg */; };
		E0DDD5B4250CB7670018CB15 /* chilkoottrail.jpg in Resources */ = {isa = PBXBuildFile; fileRef = E00FFDED2506738D0071909F /* chilkoottrail.jpg */; };
		E0DDD5B5250CB7670018CB15 /* chincoteague.jpg in Resources */ = {isa = PBXBuildFile; fileRef = E00FFDEE2506738E0071909F /* chincoteague.jpg */; };
		E0DDD5B6250CB7670018CB15 /* hiddenlake.jpg in Resources */ = {isa = PBXBuildFile; fileRef = E00FFDE92506738D0071909F /* hiddenlake.jpg */; };
		E0DDD5B7250CB7670018CB15 /* icybay.jpg in Resources */ = {isa = PBXBuildFile; fileRef = E00FFDE72506738D0071909F /* icybay.jpg */; };
		E0DDD5B8250CB7670018CB15 /* lakemcdonald.jpg in Resources */ = {isa = PBXBuildFile; fileRef = E00FFDEA2506738D0071909F /* lakemcdonald.jpg */; };
		E0DDD5B9250CB7670018CB15 /* landmarkData.json in Resources */ = {isa = PBXBuildFile; fileRef = E00FFDE62506738C0071909F /* landmarkData.json */; };
		E0DDD5BA250CB7670018CB15 /* rainbowlake.jpg in Resources */ = {isa = PBXBuildFile; fileRef = E00FFDF02506738E0071909F /* rainbowlake.jpg */; };
		E0DDD5BB250CB7670018CB15 /* silversalmoncreek.jpg in Resources */ = {isa = PBXBuildFile; fileRef = E00FFDF12506738E0071909F /* silversalmoncreek.jpg */; };
		E0DDD5BC250CB7670018CB15 /* stmarylake.jpg in Resources */ = {isa = PBXBuildFile; fileRef = E00FFDE82506738D0071909F /* stmarylake.jpg */; };
		E0DDD5BD250CB7670018CB15 /* turtlerock.jpg in Resources */ = {isa = PBXBuildFile; fileRef = E00FFDE52506738C0071909F /* turtlerock.jpg */; };
		E0DDD5BE250CB7670018CB15 /* twinlake.jpg in Resources */ = {isa = PBXBuildFile; fileRef = E00FFDEF2506738E0071909F /* twinlake.jpg */; };
		E0DDD5BF250CB7670018CB15 /* umbagog.jpg in Resources */ = {isa = PBXBuildFile; fileRef = E00FFDEB2506738D0071909F /* umbagog.jpg */; };
		E0DDD5C0250CB7670018CB15 /* Hike.swift in Sources */ = {isa = PBXBuildFile; fileRef = E06E80DD25091DDF00EA5053 /* Hike.swift */; };
		E0DDD5C1250CB7670018CB15 /* UserData.swift in Sources */ = {isa = PBXBuildFile; fileRef = E06E80DC25091DDF00EA5053 /* UserData.swift */; };
		E0DDD5C2250CB7670018CB15 /* Landmark.swift in Sources */ = {isa = PBXBuildFile; fileRef = E00FFDE02506732D0071909F /* Landmark.swift */; };
		E0DDD5C3250CB7670018CB15 /* Data.swift in Sources */ = {isa = PBXBuildFile; fileRef = E00FFDE2250673350071909F /* Data.swift */; };
		E0DDD5C4250CB7670018CB15 /* Profile.swift in Sources */ = {isa = PBXBuildFile; fileRef = E02DBFF2250A4CC7006EF5D9 /* Profile.swift */; };
		E0DDD5C6250CB7FA0018CB15 /* LandmarkRow.swift in Sources */ = {isa = PBXBuildFile; fileRef = E0DDD5C5250CB7FA0018CB15 /* LandmarkRow.swift */; };
		E0DDD5CB250CBCF50018CB15 /* star-empty.pdf in Resources */ = {isa = PBXBuildFile; fileRef = E0DDD5C9250CBCF50018CB15 /* star-empty.pdf */; };
		E0DDD5CC250CBCF50018CB15 /* star-filled.pdf in Resources */ = {isa = PBXBuildFile; fileRef = E0DDD5CA250CBCF50018CB15 /* star-filled.pdf */; };
		E0DDD5CE250CBE230018CB15 /* LandmarkList.swift in Sources */ = {isa = PBXBuildFile; fileRef = E0DDD5CD250CBE230018CB15 /* LandmarkList.swift */; };
		E0DDD5D0250CEAA40018CB15 /* Filter.swift in Sources */ = {isa = PBXBuildFile; fileRef = E0DDD5CF250CEAA40018CB15 /* Filter.swift */; };
		E0ED020F250662EF0026849B /* AppDelegate.swift in Sources */ = {isa = PBXBuildFile; fileRef = E0ED020E250662EF0026849B /* AppDelegate.swift */; };
		E0ED0211250662EF0026849B /* SceneDelegate.swift in Sources */ = {isa = PBXBuildFile; fileRef = E0ED0210250662EF0026849B /* SceneDelegate.swift */; };
		E0ED0213250662EF0026849B /* LandmarkDetail.swift in Sources */ = {isa = PBXBuildFile; fileRef = E0ED0212250662EF0026849B /* LandmarkDetail.swift */; };
		E0ED0215250662F30026849B /* Assets.xcassets in Resources */ = {isa = PBXBuildFile; fileRef = E0ED0214250662F30026849B /* Assets.xcassets */; };
		E0ED0218250662F30026849B /* Preview Assets.xcassets in Resources */ = {isa = PBXBuildFile; fileRef = E0ED0217250662F30026849B /* Preview Assets.xcassets */; };
		E0ED021B250662F30026849B /* LaunchScreen.storyboard in Resources */ = {isa = PBXBuildFile; fileRef = E0ED0219250662F30026849B /* LaunchScreen.storyboard */; };
		E0ED0226250662F30026849B /* LandmarksTests.swift in Sources */ = {isa = PBXBuildFile; fileRef = E0ED0225250662F30026849B /* LandmarksTests.swift */; };
		E0ED0231250662F30026849B /* LandmarksUITests.swift in Sources */ = {isa = PBXBuildFile; fileRef = E0ED0230250662F30026849B /* LandmarksUITests.swift */; };
		E0ED02412506657B0026849B /* CircleImage.swift in Sources */ = {isa = PBXBuildFile; fileRef = E0ED02402506657B0026849B /* CircleImage.swift */; };
		E0ED0243250666520026849B /* MapView.swift in Sources */ = {isa = PBXBuildFile; fileRef = E0ED0242250666520026849B /* MapView.swift */; };
/* End PBXBuildFile section */

/* Begin PBXContainerItemProxy section */
		E0DDD53E250C885A0018CB15 /* PBXContainerItemProxy */ = {
			isa = PBXContainerItemProxy;
			containerPortal = E0ED0203250662EF0026849B /* Project object */;
			proxyType = 1;
			remoteGlobalIDString = E0DDD53B250C885A0018CB15;
			remoteInfo = "WatchLandmarks Extension";
		};
		E0DDD552250C885A0018CB15 /* PBXContainerItemProxy */ = {
			isa = PBXContainerItemProxy;
			containerPortal = E0ED0203250662EF0026849B /* Project object */;
			proxyType = 1;
			remoteGlobalIDString = E0DDD52F250C88560018CB15;
			remoteInfo = WatchLandmarks;
		};
		E0DDD595250CB64C0018CB15 /* PBXContainerItemProxy */ = {
			isa = PBXContainerItemProxy;
			containerPortal = E0ED0203250662EF0026849B /* Project object */;
			proxyType = 1;
			remoteGlobalIDString = E0DDD57F250CB6490018CB15;
			remoteInfo = MacLandmarks;
		};
		E0DDD5A0250CB64C0018CB15 /* PBXContainerItemProxy */ = {
			isa = PBXContainerItemProxy;
			containerPortal = E0ED0203250662EF0026849B /* Project object */;
			proxyType = 1;
			remoteGlobalIDString = E0DDD57F250CB6490018CB15;
			remoteInfo = MacLandmarks;
		};
		E0ED0222250662F30026849B /* PBXContainerItemProxy */ = {
			isa = PBXContainerItemProxy;
			containerPortal = E0ED0203250662EF0026849B /* Project object */;
			proxyType = 1;
			remoteGlobalIDString = E0ED020A250662EF0026849B;
			remoteInfo = Landmarks;
		};
		E0ED022D250662F30026849B /* PBXContainerItemProxy */ = {
			isa = PBXContainerItemProxy;
			containerPortal = E0ED0203250662EF0026849B /* Project object */;
			proxyType = 1;
			remoteGlobalIDString = E0ED020A250662EF0026849B;
			remoteInfo = Landmarks;
		};
/* End PBXContainerItemProxy section */

/* Begin PBXCopyFilesBuildPhase section */
		E0DDD558250C885A0018CB15 /* Embed App Extensions */ = {
			isa = PBXCopyFilesBuildPhase;
			buildActionMask = 2147483647;
			dstPath = "";
			dstSubfolderSpec = 13;
			files = (
				E0DDD53D250C885A0018CB15 /* WatchLandmarks Extension.appex in Embed App Extensions */,
			);
			name = "Embed App Extensions";
			runOnlyForDeploymentPostprocessing = 0;
		};
		E0DDD55C250C885B0018CB15 /* Embed Watch Content */ = {
			isa = PBXCopyFilesBuildPhase;
			buildActionMask = 2147483647;
			dstPath = "$(CONTENTS_FOLDER_PATH)/Watch";
			dstSubfolderSpec = 16;
			files = (
				E0DDD554250C885A0018CB15 /* WatchLandmarks.app in Embed Watch Content */,
			);
			name = "Embed Watch Content";
			runOnlyForDeploymentPostprocessing = 0;
		};
/* End PBXCopyFilesBuildPhase section */

/* Begin PBXFileReference section */
		E00FFDE02506732D0071909F /* Landmark.swift */ = {isa = PBXFileReference; lastKnownFileType = sourcecode.swift; path = Landmark.swift; sourceTree = "<group>"; };
		E00FFDE2250673350071909F /* Data.swift */ = {isa = PBXFileReference; lastKnownFileType = sourcecode.swift; path = Data.swift; sourceTree = "<group>"; };
		E00FFDE52506738C0071909F /* turtlerock.jpg */ = {isa = PBXFileReference; lastKnownFileType = image.jpeg; path = turtlerock.jpg; sourceTree = "<group>"; };
		E00FFDE62506738C0071909F /* landmarkData.json */ = {isa = PBXFileReference; fileEncoding = 4; lastKnownFileType = text.json; path = landmarkData.json; sourceTree = "<group>"; };
		E00FFDE72506738D0071909F /* icybay.jpg */ = {isa = PBXFileReference; lastKnownFileType = image.jpeg; path = icybay.jpg; sourceTree = "<group>"; };
		E00FFDE82506738D0071909F /* stmarylake.jpg */ = {isa = PBXFileReference; lastKnownFileType = image.jpeg; path = stmarylake.jpg; sourceTree = "<group>"; };
		E00FFDE92506738D0071909F /* hiddenlake.jpg */ = {isa = PBXFileReference; lastKnownFileType = image.jpeg; path = hiddenlake.jpg; sourceTree = "<group>"; };
		E00FFDEA2506738D0071909F /* lakemcdonald.jpg */ = {isa = PBXFileReference; lastKnownFileType = image.jpeg; path = lakemcdonald.jpg; sourceTree = "<group>"; };
		E00FFDEB2506738D0071909F /* umbagog.jpg */ = {isa = PBXFileReference; lastKnownFileType = image.jpeg; path = umbagog.jpg; sourceTree = "<group>"; };
		E00FFDED2506738D0071909F /* chilkoottrail.jpg */ = {isa = PBXFileReference; lastKnownFileType = image.jpeg; path = chilkoottrail.jpg; sourceTree = "<group>"; };
		E00FFDEE2506738E0071909F /* chincoteague.jpg */ = {isa = PBXFileReference; lastKnownFileType = image.jpeg; path = chincoteague.jpg; sourceTree = "<group>"; };
		E00FFDEF2506738E0071909F /* twinlake.jpg */ = {isa = PBXFileReference; lastKnownFileType = image.jpeg; path = twinlake.jpg; sourceTree = "<group>"; };
		E00FFDF02506738E0071909F /* rainbowlake.jpg */ = {isa = PBXFileReference; lastKnownFileType = image.jpeg; path = rainbowlake.jpg; sourceTree = "<group>"; };
		E00FFDF12506738E0071909F /* silversalmoncreek.jpg */ = {isa = PBXFileReference; lastKnownFileType = image.jpeg; path = silversalmoncreek.jpg; sourceTree = "<group>"; };
		E00FFDFF2506739A0071909F /* LandmarkRow.swift */ = {isa = PBXFileReference; lastKnownFileType = sourcecode.swift; path = LandmarkRow.swift; sourceTree = "<group>"; };
		E00FFE01250673E20071909F /* LandmarkList.swift */ = {isa = PBXFileReference; lastKnownFileType = sourcecode.swift; path = LandmarkList.swift; sourceTree = "<group>"; };
		E02DBFE92509CD34006EF5D9 /* Home.swift */ = {isa = PBXFileReference; lastKnownFileType = sourcecode.swift; path = Home.swift; sourceTree = "<group>"; };
		E02DBFEB2509D0CC006EF5D9 /* CategoryRow.swift */ = {isa = PBXFileReference; lastKnownFileType = sourcecode.swift; path = CategoryRow.swift; sourceTree = "<group>"; };
		E02DBFF0250A4C38006EF5D9 /* ProfileHost.swift */ = {isa = PBXFileReference; lastKnownFileType = sourcecode.swift; path = ProfileHost.swift; sourceTree = "<group>"; };
		E02DBFF2250A4CC7006EF5D9 /* Profile.swift */ = {isa = PBXFileReference; lastKnownFileType = sourcecode.swift; path = Profile.swift; sourceTree = "<group>"; };
		E02DBFF4250A4D74006EF5D9 /* ProfileSummary.swift */ = {isa = PBXFileReference; lastKnownFileType = sourcecode.swift; path = ProfileSummary.swift; sourceTree = "<group>"; };
		E06E80D825091D7A00EA5053 /* HikeView.swift */ = {isa = PBXFileReference; lastKnownFileType = sourcecode.swift; path = HikeView.swift; sourceTree = "<group>"; };
		E06E80DA25091DA000EA5053 /* HikeGraph.swift */ = {isa = PBXFileReference; lastKnownFileType = sourcecode.swift; path = HikeGraph.swift; sourceTree = "<group>"; };
		E06E80DC25091DDF00EA5053 /* UserData.swift */ = {isa = PBXFileReference; fileEncoding = 4; lastKnownFileType = sourcecode.swift; path = UserData.swift; sourceTree = "<group>"; };
		E06E80DD25091DDF00EA5053 /* Hike.swift */ = {isa = PBXFileReference; fileEncoding = 4; lastKnownFileType = sourcecode.swift; path = Hike.swift; sourceTree = "<group>"; };
		E06E80E025091E6B00EA5053 /* HikeDetail.swift */ = {isa = PBXFileReference; fileEncoding = 4; lastKnownFileType = sourcecode.swift; path = HikeDetail.swift; sourceTree = "<group>"; };
		E06E80E225091EFC00EA5053 /* hikeData.json */ = {isa = PBXFileReference; fileEncoding = 4; lastKnownFileType = text.json; path = hikeData.json; sourceTree = "<group>"; };
		E06E80E425091F6700EA5053 /* GraphCapsule.swift */ = {isa = PBXFileReference; lastKnownFileType = sourcecode.swift; path = GraphCapsule.swift; sourceTree = "<group>"; };
		E07523522507DC1E00CBFC13 /* RotatedBadgeSymbol.swift */ = {isa = PBXFileReference; lastKnownFileType = sourcecode.swift; path = RotatedBadgeSymbol.swift; sourceTree = "<group>"; };
		E079E4B72507D4E2003568CE /* BadgeBackground.swift */ = {isa = PBXFileReference; lastKnownFileType = sourcecode.swift; path = BadgeBackground.swift; sourceTree = "<group>"; };
		E079E4B92507D537003568CE /* HexagonParameters.swift */ = {isa = PBXFileReference; lastKnownFileType = sourcecode.swift; path = HexagonParameters.swift; sourceTree = "<group>"; };
		E079E4BB2507D9E4003568CE /* Badge.swift */ = {isa = PBXFileReference; lastKnownFileType = sourcecode.swift; path = Badge.swift; sourceTree = "<group>"; };
		E079E4BD2507DA05003568CE /* BadgeSymbol.swift */ = {isa = PBXFileReference; lastKnownFileType = sourcecode.swift; path = BadgeSymbol.swift; sourceTree = "<group>"; };
		E0BDE81925067DDB0038B4E5 /* charleyrivers.jpg */ = {isa = PBXFileReference; lastKnownFileType = image.jpeg; path = charleyrivers.jpg; sourceTree = "<group>"; };
		E0C6AFBE250CEFFC005769BE /* NavigationPrimary.swift */ = {isa = PBXFileReference; lastKnownFileType = sourcecode.swift; path = NavigationPrimary.swift; sourceTree = "<group>"; };
		E0C6AFC2250CF4DD005769BE /* NavigationDetail.swift */ = {isa = PBXFileReference; lastKnownFileType = sourcecode.swift; path = NavigationDetail.swift; sourceTree = "<group>"; };
		E0DDD51C250A4EFB0018CB15 /* HikeBadge.swift */ = {isa = PBXFileReference; lastKnownFileType = sourcecode.swift; path = HikeBadge.swift; sourceTree = "<group>"; };
		E0DDD51E250A58FD0018CB15 /* ProfileEditor.swift */ = {isa = PBXFileReference; lastKnownFileType = sourcecode.swift; path = ProfileEditor.swift; sourceTree = "<group>"; };
		E0DDD520250C71D80018CB15 /* PageViewController.swift */ = {isa = PBXFileReference; lastKnownFileType = sourcecode.swift; path = PageViewController.swift; sourceTree = "<group>"; };
		E0DDD522250C73F40018CB15 /* PageView.swift */ = {isa = PBXFileReference; lastKnownFileType = sourcecode.swift; path = PageView.swift; sourceTree = "<group>"; };
		E0DDD524250C76970018CB15 /* FeatureCard.swift */ = {isa = PBXFileReference; lastKnownFileType = sourcecode.swift; path = FeatureCard.swift; sourceTree = "<group>"; };
		E0DDD526250C77A60018CB15 /* charleyrivers_feature.jpg */ = {isa = PBXFileReference; lastKnownFileType = image.jpeg; path = charleyrivers_feature.jpg; sourceTree = "<group>"; };
		E0DDD527250C77A70018CB15 /* stmarylake_feature.jpg */ = {isa = PBXFileReference; lastKnownFileType = image.jpeg; path = stmarylake_feature.jpg; sourceTree = "<group>"; };
		E0DDD528250C77A70018CB15 /* turtlerock_feature.jpg */ = {isa = PBXFileReference; lastKnownFileType = image.jpeg; path = turtlerock_feature.jpg; sourceTree = "<group>"; };
		E0DDD52C250C7F6D0018CB15 /* PageControl.swift */ = {isa = PBXFileReference; lastKnownFileType = sourcecode.swift; path = PageControl.swift; sourceTree = "<group>"; };
		E0DDD530250C88560018CB15 /* WatchLandmarks.app */ = {isa = PBXFileReference; explicitFileType = wrapper.application; includeInIndex = 0; path = WatchLandmarks.app; sourceTree = BUILT_PRODUCTS_DIR; };
		E0DDD533250C88560018CB15 /* Base */ = {isa = PBXFileReference; lastKnownFileType = file.storyboard; name = Base; path = Base.lproj/Interface.storyboard; sourceTree = "<group>"; };
		E0DDD537250C88590018CB15 /* Info.plist */ = {isa = PBXFileReference; lastKnownFileType = text.plist.xml; path = Info.plist; sourceTree = "<group>"; };
		E0DDD53C250C885A0018CB15 /* WatchLandmarks Extension.appex */ = {isa = PBXFileReference; explicitFileType = "wrapper.app-extension"; includeInIndex = 0; path = "WatchLandmarks Extension.appex"; sourceTree = BUILT_PRODUCTS_DIR; };
		E0DDD541250C885A0018CB15 /* ContentView.swift */ = {isa = PBXFileReference; lastKnownFileType = sourcecode.swift; path = ContentView.swift; sourceTree = "<group>"; };
		E0DDD543250C885A0018CB15 /* HostingController.swift */ = {isa = PBXFileReference; lastKnownFileType = sourcecode.swift; path = HostingController.swift; sourceTree = "<group>"; };
		E0DDD545250C885A0018CB15 /* ExtensionDelegate.swift */ = {isa = PBXFileReference; lastKnownFileType = sourcecode.swift; path = ExtensionDelegate.swift; sourceTree = "<group>"; };
		E0DDD547250C885A0018CB15 /* NotificationController.swift */ = {isa = PBXFileReference; lastKnownFileType = sourcecode.swift; path = NotificationController.swift; sourceTree = "<group>"; };
		E0DDD549250C885A0018CB15 /* NotificationView.swift */ = {isa = PBXFileReference; lastKnownFileType = sourcecode.swift; path = NotificationView.swift; sourceTree = "<group>"; };
		E0DDD54B250C885A0018CB15 /* Assets.xcassets */ = {isa = PBXFileReference; lastKnownFileType = folder.assetcatalog; path = Assets.xcassets; sourceTree = "<group>"; };
		E0DDD54E250C885A0018CB15 /* Preview Assets.xcassets */ = {isa = PBXFileReference; lastKnownFileType = folder.assetcatalog; path = "Preview Assets.xcassets"; sourceTree = "<group>"; };
		E0DDD550250C885A0018CB15 /* Info.plist */ = {isa = PBXFileReference; lastKnownFileType = text.plist.xml; path = Info.plist; sourceTree = "<group>"; };
		E0DDD551250C885A0018CB15 /* PushNotificationPayload.apns */ = {isa = PBXFileReference; lastKnownFileType = text; path = PushNotificationPayload.apns; sourceTree = "<group>"; };
		E0DDD577250C8BF60018CB15 /* WatchLandmarkDetail.swift */ = {isa = PBXFileReference; lastKnownFileType = sourcecode.swift; path = WatchLandmarkDetail.swift; sourceTree = "<group>"; };
		E0DDD579250C95300018CB15 /* WatchMapView.swift */ = {isa = PBXFileReference; lastKnownFileType = sourcecode.swift; path = WatchMapView.swift; sourceTree = "<group>"; };
		E0DDD580250CB6490018CB15 /* MacLandmarks.app */ = {isa = PBXFileReference; explicitFileType = wrapper.application; includeInIndex = 0; path = MacLandmarks.app; sourceTree = BUILT_PRODUCTS_DIR; };
		E0DDD582250CB6490018CB15 /* AppDelegate.swift */ = {isa = PBXFileReference; lastKnownFileType = sourcecode.swift; path = AppDelegate.swift; sourceTree = "<group>"; };
		E0DDD584250CB6490018CB15 /* ContentView.swift */ = {isa = PBXFileReference; lastKnownFileType = sourcecode.swift; path = ContentView.swift; sourceTree = "<group>"; };
		E0DDD586250CB64C0018CB15 /* Assets.xcassets */ = {isa = PBXFileReference; lastKnownFileType = folder.assetcatalog; path = Assets.xcassets; sourceTree = "<group>"; };
		E0DDD589250CB64C0018CB15 /* Preview Assets.xcassets */ = {isa = PBXFileReference; lastKnownFileType = folder.assetcatalog; path = "Preview Assets.xcassets"; sourceTree = "<group>"; };
		E0DDD58C250CB64C0018CB15 /* Base */ = {isa = PBXFileReference; lastKnownFileType = file.storyboard; name = Base; path = Base.lproj/Main.storyboard; sourceTree = "<group>"; };
		E0DDD58E250CB64C0018CB15 /* Info.plist */ = {isa = PBXFileReference; lastKnownFileType = text.plist.xml; path = Info.plist; sourceTree = "<group>"; };
		E0DDD58F250CB64C0018CB15 /* MacLandmarks.entitlements */ = {isa = PBXFileReference; lastKnownFileType = text.plist.entitlements; path = MacLandmarks.entitlements; sourceTree = "<group>"; };
		E0DDD594250CB64C0018CB15 /* MacLandmarksTests.xctest */ = {isa = PBXFileReference; explicitFileType = wrapper.cfbundle; includeInIndex = 0; path = MacLandmarksTests.xctest; sourceTree = BUILT_PRODUCTS_DIR; };
		E0DDD598250CB64C0018CB15 /* MacLandmarksTests.swift */ = {isa = PBXFileReference; lastKnownFileType = sourcecode.swift; path = MacLandmarksTests.swift; sourceTree = "<group>"; };
		E0DDD59A250CB64C0018CB15 /* Info.plist */ = {isa = PBXFileReference; lastKnownFileType = text.plist.xml; path = Info.plist; sourceTree = "<group>"; };
		E0DDD59F250CB64C0018CB15 /* MacLandmarksUITests.xctest */ = {isa = PBXFileReference; explicitFileType = wrapper.cfbundle; includeInIndex = 0; path = MacLandmarksUITests.xctest; sourceTree = BUILT_PRODUCTS_DIR; };
		E0DDD5A3250CB64C0018CB15 /* MacLandmarksUITests.swift */ = {isa = PBXFileReference; lastKnownFileType = sourcecode.swift; path = MacLandmarksUITests.swift; sourceTree = "<group>"; };
		E0DDD5A5250CB64C0018CB15 /* Info.plist */ = {isa = PBXFileReference; lastKnownFileType = text.plist.xml; path = Info.plist; sourceTree = "<group>"; };
		E0DDD5C5250CB7FA0018CB15 /* LandmarkRow.swift */ = {isa = PBXFileReference; lastKnownFileType = sourcecode.swift; path = LandmarkRow.swift; sourceTree = "<group>"; };
		E0DDD5C9250CBCF50018CB15 /* star-empty.pdf */ = {isa = PBXFileReference; lastKnownFileType = image.pdf; path = "star-empty.pdf"; sourceTree = "<group>"; };
		E0DDD5CA250CBCF50018CB15 /* star-filled.pdf */ = {isa = PBXFileReference; lastKnownFileType = image.pdf; path = "star-filled.pdf"; sourceTree = "<group>"; };
		E0DDD5CD250CBE230018CB15 /* LandmarkList.swift */ = {isa = PBXFileReference; lastKnownFileType = sourcecode.swift; path = LandmarkList.swift; sourceTree = "<group>"; };
		E0DDD5CF250CEAA40018CB15 /* Filter.swift */ = {isa = PBXFileReference; lastKnownFileType = sourcecode.swift; path = Filter.swift; sourceTree = "<group>"; };
		E0ED020B250662EF0026849B /* Landmarks.app */ = {isa = PBXFileReference; explicitFileType = wrapper.application; includeInIndex = 0; path = Landmarks.app; sourceTree = BUILT_PRODUCTS_DIR; };
		E0ED020E250662EF0026849B /* AppDelegate.swift */ = {isa = PBXFileReference; lastKnownFileType = sourcecode.swift; path = AppDelegate.swift; sourceTree = "<group>"; };
		E0ED0210250662EF0026849B /* SceneDelegate.swift */ = {isa = PBXFileReference; lastKnownFileType = sourcecode.swift; path = SceneDelegate.swift; sourceTree = "<group>"; };
		E0ED0212250662EF0026849B /* LandmarkDetail.swift */ = {isa = PBXFileReference; lastKnownFileType = sourcecode.swift; path = LandmarkDetail.swift; sourceTree = "<group>"; };
		E0ED0214250662F30026849B /* Assets.xcassets */ = {isa = PBXFileReference; lastKnownFileType = folder.assetcatalog; path = Assets.xcassets; sourceTree = "<group>"; };
		E0ED0217250662F30026849B /* Preview Assets.xcassets */ = {isa = PBXFileReference; lastKnownFileType = folder.assetcatalog; path = "Preview Assets.xcassets"; sourceTree = "<group>"; };
		E0ED021A250662F30026849B /* Base */ = {isa = PBXFileReference; lastKnownFileType = file.storyboard; name = Base; path = Base.lproj/LaunchScreen.storyboard; sourceTree = "<group>"; };
		E0ED021C250662F30026849B /* Info.plist */ = {isa = PBXFileReference; lastKnownFileType = text.plist.xml; path = Info.plist; sourceTree = "<group>"; };
		E0ED0221250662F30026849B /* LandmarksTests.xctest */ = {isa = PBXFileReference; explicitFileType = wrapper.cfbundle; includeInIndex = 0; path = LandmarksTests.xctest; sourceTree = BUILT_PRODUCTS_DIR; };
		E0ED0225250662F30026849B /* LandmarksTests.swift */ = {isa = PBXFileReference; lastKnownFileType = sourcecode.swift; path = LandmarksTests.swift; sourceTree = "<group>"; };
		E0ED0227250662F30026849B /* Info.plist */ = {isa = PBXFileReference; lastKnownFileType = text.plist.xml; path = Info.plist; sourceTree = "<group>"; };
		E0ED022C250662F30026849B /* LandmarksUITests.xctest */ = {isa = PBXFileReference; explicitFileType = wrapper.cfbundle; includeInIndex = 0; path = LandmarksUITests.xctest; sourceTree = BUILT_PRODUCTS_DIR; };
		E0ED0230250662F30026849B /* LandmarksUITests.swift */ = {isa = PBXFileReference; lastKnownFileType = sourcecode.swift; path = LandmarksUITests.swift; sourceTree = "<group>"; };
		E0ED0232250662F30026849B /* Info.plist */ = {isa = PBXFileReference; lastKnownFileType = text.plist.xml; path = Info.plist; sourceTree = "<group>"; };
		E0ED02402506657B0026849B /* CircleImage.swift */ = {isa = PBXFileReference; lastKnownFileType = sourcecode.swift; path = CircleImage.swift; sourceTree = "<group>"; };
		E0ED0242250666520026849B /* MapView.swift */ = {isa = PBXFileReference; lastKnownFileType = sourcecode.swift; path = MapView.swift; sourceTree = "<group>"; };
/* End PBXFileReference section */

/* Begin PBXFrameworksBuildPhase section */
		E0DDD539250C885A0018CB15 /* Frameworks */ = {
			isa = PBXFrameworksBuildPhase;
			buildActionMask = 2147483647;
			files = (
			);
			runOnlyForDeploymentPostprocessing = 0;
		};
		E0DDD57D250CB6490018CB15 /* Frameworks */ = {
			isa = PBXFrameworksBuildPhase;
			buildActionMask = 2147483647;
			files = (
			);
			runOnlyForDeploymentPostprocessing = 0;
		};
		E0DDD591250CB64C0018CB15 /* Frameworks */ = {
			isa = PBXFrameworksBuildPhase;
			buildActionMask = 2147483647;
			files = (
			);
			runOnlyForDeploymentPostprocessing = 0;
		};
		E0DDD59C250CB64C0018CB15 /* Frameworks */ = {
			isa = PBXFrameworksBuildPhase;
			buildActionMask = 2147483647;
			files = (
			);
			runOnlyForDeploymentPostprocessing = 0;
		};
		E0ED0208250662EF0026849B /* Frameworks */ = {
			isa = PBXFrameworksBuildPhase;
			buildActionMask = 2147483647;
			files = (
			);
			runOnlyForDeploymentPostprocessing = 0;
		};
		E0ED021E250662F30026849B /* Frameworks */ = {
			isa = PBXFrameworksBuildPhase;
			buildActionMask = 2147483647;
			files = (
			);
			runOnlyForDeploymentPostprocessing = 0;
		};
		E0ED0229250662F30026849B /* Frameworks */ = {
			isa = PBXFrameworksBuildPhase;
			buildActionMask = 2147483647;
			files = (
			);
			runOnlyForDeploymentPostprocessing = 0;
		};
/* End PBXFrameworksBuildPhase section */

/* Begin PBXGroup section */
		E00FFDDF250673200071909F /* Models */ = {
			isa = PBXGroup;
			children = (
				E06E80DD25091DDF00EA5053 /* Hike.swift */,
				E06E80DC25091DDF00EA5053 /* UserData.swift */,
				E00FFDE02506732D0071909F /* Landmark.swift */,
				E00FFDE2250673350071909F /* Data.swift */,
				E02DBFF2250A4CC7006EF5D9 /* Profile.swift */,
			);
			path = Models;
			sourceTree = "<group>";
		};
		E00FFDE4250673650071909F /* Resources */ = {
			isa = PBXGroup;
			children = (
				E0DDD5C9250CBCF50018CB15 /* star-empty.pdf */,
				E0DDD5CA250CBCF50018CB15 /* star-filled.pdf */,
				E0DDD526250C77A60018CB15 /* charleyrivers_feature.jpg */,
				E0DDD527250C77A70018CB15 /* stmarylake_feature.jpg */,
				E0DDD528250C77A70018CB15 /* turtlerock_feature.jpg */,
				E06E80E225091EFC00EA5053 /* hikeData.json */,
				E0BDE81925067DDB0038B4E5 /* charleyrivers.jpg */,
				E00FFDED2506738D0071909F /* chilkoottrail.jpg */,
				E00FFDEE2506738E0071909F /* chincoteague.jpg */,
				E00FFDE92506738D0071909F /* hiddenlake.jpg */,
				E00FFDE72506738D0071909F /* icybay.jpg */,
				E00FFDEA2506738D0071909F /* lakemcdonald.jpg */,
				E00FFDE62506738C0071909F /* landmarkData.json */,
				E00FFDF02506738E0071909F /* rainbowlake.jpg */,
				E00FFDF12506738E0071909F /* silversalmoncreek.jpg */,
				E00FFDE82506738D0071909F /* stmarylake.jpg */,
				E00FFDE52506738C0071909F /* turtlerock.jpg */,
				E00FFDEF2506738E0071909F /* twinlake.jpg */,
				E00FFDEB2506738D0071909F /* umbagog.jpg */,
			);
			path = Resources;
			sourceTree = "<group>";
		};
		E02DBFEF250A4C20006EF5D9 /* Profile */ = {
			isa = PBXGroup;
			children = (
				E02DBFF0250A4C38006EF5D9 /* ProfileHost.swift */,
				E02DBFF4250A4D74006EF5D9 /* ProfileSummary.swift */,
				E0DDD51E250A58FD0018CB15 /* ProfileEditor.swift */,
			);
			path = Profile;
			sourceTree = "<group>";
		};
		E0DDD531250C88560018CB15 /* WatchLandmarks */ = {
			isa = PBXGroup;
			children = (
				E0DDD532250C88560018CB15 /* Interface.storyboard */,
				E0DDD537250C88590018CB15 /* Info.plist */,
			);
			path = WatchLandmarks;
			sourceTree = "<group>";
		};
		E0DDD540250C885A0018CB15 /* WatchLandmarks Extension */ = {
			isa = PBXGroup;
			children = (
				E0DDD541250C885A0018CB15 /* ContentView.swift */,
				E0DDD543250C885A0018CB15 /* HostingController.swift */,
				E0DDD545250C885A0018CB15 /* ExtensionDelegate.swift */,
				E0DDD547250C885A0018CB15 /* NotificationController.swift */,
				E0DDD549250C885A0018CB15 /* NotificationView.swift */,
				E0DDD54B250C885A0018CB15 /* Assets.xcassets */,
				E0DDD550250C885A0018CB15 /* Info.plist */,
				E0DDD551250C885A0018CB15 /* PushNotificationPayload.apns */,
				E0DDD54D250C885A0018CB15 /* Preview Content */,
				E0DDD577250C8BF60018CB15 /* WatchLandmarkDetail.swift */,
				E0DDD579250C95300018CB15 /* WatchMapView.swift */,
			);
			path = "WatchLandmarks Extension";
			sourceTree = "<group>";
		};
		E0DDD54D250C885A0018CB15 /* Preview Content */ = {
			isa = PBXGroup;
			children = (
				E0DDD54E250C885A0018CB15 /* Preview Assets.xcassets */,
			);
			path = "Preview Content";
			sourceTree = "<group>";
		};
		E0DDD581250CB6490018CB15 /* MacLandmarks */ = {
			isa = PBXGroup;
			children = (
				E0DDD582250CB6490018CB15 /* AppDelegate.swift */,
				E0DDD584250CB6490018CB15 /* ContentView.swift */,
				E0DDD58B250CB64C0018CB15 /* Main.storyboard */,
				E0DDD586250CB64C0018CB15 /* Assets.xcassets */,
				E0DDD58E250CB64C0018CB15 /* Info.plist */,
				E0DDD58F250CB64C0018CB15 /* MacLandmarks.entitlements */,
				E0DDD588250CB64C0018CB15 /* Preview Content */,
				E0DDD5C5250CB7FA0018CB15 /* LandmarkRow.swift */,
				E0DDD5CD250CBE230018CB15 /* LandmarkList.swift */,
				E0DDD5CF250CEAA40018CB15 /* Filter.swift */,
				E0C6AFBE250CEFFC005769BE /* NavigationPrimary.swift */,
				E0C6AFC2250CF4DD005769BE /* NavigationDetail.swift */,
			);
			path = MacLandmarks;
			sourceTree = "<group>";
		};
		E0DDD588250CB64C0018CB15 /* Preview Content */ = {
			isa = PBXGroup;
			children = (
				E0DDD589250CB64C0018CB15 /* Preview Assets.xcassets */,
			);
			path = "Preview Content";
			sourceTree = "<group>";
		};
		E0DDD597250CB64C0018CB15 /* MacLandmarksTests */ = {
			isa = PBXGroup;
			children = (
				E0DDD598250CB64C0018CB15 /* MacLandmarksTests.swift */,
				E0DDD59A250CB64C0018CB15 /* Info.plist */,
			);
			path = MacLandmarksTests;
			sourceTree = "<group>";
		};
		E0DDD5A2250CB64C0018CB15 /* MacLandmarksUITests */ = {
			isa = PBXGroup;
			children = (
				E0DDD5A3250CB64C0018CB15 /* MacLandmarksUITests.swift */,
				E0DDD5A5250CB64C0018CB15 /* Info.plist */,
			);
			path = MacLandmarksUITests;
			sourceTree = "<group>";
		};
		E0ED0202250662EF0026849B = {
			isa = PBXGroup;
			children = (
				E0ED020D250662EF0026849B /* Landmarks */,
				E0ED0224250662F30026849B /* LandmarksTests */,
				E0ED022F250662F30026849B /* LandmarksUITests */,
				E0DDD531250C88560018CB15 /* WatchLandmarks */,
				E0DDD540250C885A0018CB15 /* WatchLandmarks Extension */,
				E0DDD581250CB6490018CB15 /* MacLandmarks */,
				E0DDD597250CB64C0018CB15 /* MacLandmarksTests */,
				E0DDD5A2250CB64C0018CB15 /* MacLandmarksUITests */,
				E0ED020C250662EF0026849B /* Products */,
			);
			sourceTree = "<group>";
		};
		E0ED020C250662EF0026849B /* Products */ = {
			isa = PBXGroup;
			children = (
				E0ED020B250662EF0026849B /* Landmarks.app */,
				E0ED0221250662F30026849B /* LandmarksTests.xctest */,
				E0ED022C250662F30026849B /* LandmarksUITests.xctest */,
				E0DDD530250C88560018CB15 /* WatchLandmarks.app */,
				E0DDD53C250C885A0018CB15 /* WatchLandmarks Extension.appex */,
				E0DDD580250CB6490018CB15 /* MacLandmarks.app */,
				E0DDD594250CB64C0018CB15 /* MacLandmarksTests.xctest */,
				E0DDD59F250CB64C0018CB15 /* MacLandmarksUITests.xctest */,
			);
			name = Products;
			sourceTree = "<group>";
		};
		E0ED020D250662EF0026849B /* Landmarks */ = {
			isa = PBXGroup;
			children = (
				E02DBFEF250A4C20006EF5D9 /* Profile */,
				E06E80E025091E6B00EA5053 /* HikeDetail.swift */,
				E00FFDE4250673650071909F /* Resources */,
				E00FFDDF250673200071909F /* Models */,
				E0ED020E250662EF0026849B /* AppDelegate.swift */,
				E0ED0210250662EF0026849B /* SceneDelegate.swift */,
				E0ED0212250662EF0026849B /* LandmarkDetail.swift */,
				E0ED0214250662F30026849B /* Assets.xcassets */,
				E0ED02402506657B0026849B /* CircleImage.swift */,
				E0ED0242250666520026849B /* MapView.swift */,
				E0ED0219250662F30026849B /* LaunchScreen.storyboard */,
				E0ED021C250662F30026849B /* Info.plist */,
				E0ED0216250662F30026849B /* Preview Content */,
				E00FFDFF2506739A0071909F /* LandmarkRow.swift */,
				E00FFE01250673E20071909F /* LandmarkList.swift */,
				E079E4B72507D4E2003568CE /* BadgeBackground.swift */,
				E079E4BB2507D9E4003568CE /* Badge.swift */,
				E06E80D825091D7A00EA5053 /* HikeView.swift */,
				E06E80DA25091DA000EA5053 /* HikeGraph.swift */,
				E02DBFE92509CD34006EF5D9 /* Home.swift */,
				E02DBFEB2509D0CC006EF5D9 /* CategoryRow.swift */,
				E079E4BD2507DA05003568CE /* BadgeSymbol.swift */,
				E07523522507DC1E00CBFC13 /* RotatedBadgeSymbol.swift */,
				E079E4B92507D537003568CE /* HexagonParameters.swift */,
				E06E80E425091F6700EA5053 /* GraphCapsule.swift */,
				E0DDD51C250A4EFB0018CB15 /* HikeBadge.swift */,
				E0DDD520250C71D80018CB15 /* PageViewController.swift */,
				E0DDD52C250C7F6D0018CB15 /* PageControl.swift */,
				E0DDD522250C73F40018CB15 /* PageView.swift */,
				E0DDD524250C76970018CB15 /* FeatureCard.swift */,
			);
			path = Landmarks;
			sourceTree = "<group>";
		};
		E0ED0216250662F30026849B /* Preview Content */ = {
			isa = PBXGroup;
			children = (
				E0ED0217250662F30026849B /* Preview Assets.xcassets */,
			);
			path = "Preview Content";
			sourceTree = "<group>";
		};
		E0ED0224250662F30026849B /* LandmarksTests */ = {
			isa = PBXGroup;
			children = (
				E0ED0225250662F30026849B /* LandmarksTests.swift */,
				E0ED0227250662F30026849B /* Info.plist */,
			);
			path = LandmarksTests;
			sourceTree = "<group>";
		};
		E0ED022F250662F30026849B /* LandmarksUITests */ = {
			isa = PBXGroup;
			children = (
				E0ED0230250662F30026849B /* LandmarksUITests.swift */,
				E0ED0232250662F30026849B /* Info.plist */,
			);
			path = LandmarksUITests;
			sourceTree = "<group>";
		};
/* End PBXGroup section */

/* Begin PBXNativeTarget section */
		E0DDD52F250C88560018CB15 /* WatchLandmarks */ = {
			isa = PBXNativeTarget;
			buildConfigurationList = E0DDD559250C885B0018CB15 /* Build configuration list for PBXNativeTarget "WatchLandmarks" */;
			buildPhases = (
				E0DDD52E250C88560018CB15 /* Resources */,
				E0DDD558250C885A0018CB15 /* Embed App Extensions */,
			);
			buildRules = (
			);
			dependencies = (
				E0DDD53F250C885A0018CB15 /* PBXTargetDependency */,
			);
			name = WatchLandmarks;
			productName = WatchLandmarks;
			productReference = E0DDD530250C88560018CB15 /* WatchLandmarks.app */;
			productType = "com.apple.product-type.application.watchapp2";
		};
		E0DDD53B250C885A0018CB15 /* WatchLandmarks Extension */ = {
			isa = PBXNativeTarget;
			buildConfigurationList = E0DDD555250C885A0018CB15 /* Build configuration list for PBXNativeTarget "WatchLandmarks Extension" */;
			buildPhases = (
				E0DDD538250C885A0018CB15 /* Sources */,
				E0DDD539250C885A0018CB15 /* Frameworks */,
				E0DDD53A250C885A0018CB15 /* Resources */,
			);
			buildRules = (
			);
			dependencies = (
			);
			name = "WatchLandmarks Extension";
			productName = "WatchLandmarks Extension";
			productReference = E0DDD53C250C885A0018CB15 /* WatchLandmarks Extension.appex */;
			productType = "com.apple.product-type.watchkit2-extension";
		};
		E0DDD57F250CB6490018CB15 /* MacLandmarks */ = {
			isa = PBXNativeTarget;
			buildConfigurationList = E0DDD5A6250CB64C0018CB15 /* Build configuration list for PBXNativeTarget "MacLandmarks" */;
			buildPhases = (
				E0DDD57C250CB6490018CB15 /* Sources */,
				E0DDD57D250CB6490018CB15 /* Frameworks */,
				E0DDD57E250CB6490018CB15 /* Resources */,
			);
			buildRules = (
			);
			dependencies = (
			);
			name = MacLandmarks;
			productName = MacLandmarks;
			productReference = E0DDD580250CB6490018CB15 /* MacLandmarks.app */;
			productType = "com.apple.product-type.application";
		};
		E0DDD593250CB64C0018CB15 /* MacLandmarksTests */ = {
			isa = PBXNativeTarget;
			buildConfigurationList = E0DDD5A9250CB64C0018CB15 /* Build configuration list for PBXNativeTarget "MacLandmarksTests" */;
			buildPhases = (
				E0DDD590250CB64C0018CB15 /* Sources */,
				E0DDD591250CB64C0018CB15 /* Frameworks */,
				E0DDD592250CB64C0018CB15 /* Resources */,
			);
			buildRules = (
			);
			dependencies = (
				E0DDD596250CB64C0018CB15 /* PBXTargetDependency */,
			);
			name = MacLandmarksTests;
			productName = MacLandmarksTests;
			productReference = E0DDD594250CB64C0018CB15 /* MacLandmarksTests.xctest */;
			productType = "com.apple.product-type.bundle.unit-test";
		};
		E0DDD59E250CB64C0018CB15 /* MacLandmarksUITests */ = {
			isa = PBXNativeTarget;
			buildConfigurationList = E0DDD5AC250CB64C0018CB15 /* Build configuration list for PBXNativeTarget "MacLandmarksUITests" */;
			buildPhases = (
				E0DDD59B250CB64C0018CB15 /* Sources */,
				E0DDD59C250CB64C0018CB15 /* Frameworks */,
				E0DDD59D250CB64C0018CB15 /* Resources */,
			);
			buildRules = (
			);
			dependencies = (
				E0DDD5A1250CB64C0018CB15 /* PBXTargetDependency */,
			);
			name = MacLandmarksUITests;
			productName = MacLandmarksUITests;
			productReference = E0DDD59F250CB64C0018CB15 /* MacLandmarksUITests.xctest */;
			productType = "com.apple.product-type.bundle.ui-testing";
		};
		E0ED020A250662EF0026849B /* Landmarks */ = {
			isa = PBXNativeTarget;
			buildConfigurationList = E0ED0235250662F30026849B /* Build configuration list for PBXNativeTarget "Landmarks" */;
			buildPhases = (
				E0ED0207250662EF0026849B /* Sources */,
				E0ED0208250662EF0026849B /* Frameworks */,
				E0ED0209250662EF0026849B /* Resources */,
				E0DDD55C250C885B0018CB15 /* Embed Watch Content */,
			);
			buildRules = (
			);
			dependencies = (
				E0DDD553250C885A0018CB15 /* PBXTargetDependency */,
			);
			name = Landmarks;
			productName = Landmarks;
			productReference = E0ED020B250662EF0026849B /* Landmarks.app */;
			productType = "com.apple.product-type.application";
		};
		E0ED0220250662F30026849B /* LandmarksTests */ = {
			isa = PBXNativeTarget;
			buildConfigurationList = E0ED0238250662F30026849B /* Build configuration list for PBXNativeTarget "LandmarksTests" */;
			buildPhases = (
				E0ED021D250662F30026849B /* Sources */,
				E0ED021E250662F30026849B /* Frameworks */,
				E0ED021F250662F30026849B /* Resources */,
			);
			buildRules = (
			);
			dependencies = (
				E0ED0223250662F30026849B /* PBXTargetDependency */,
			);
			name = LandmarksTests;
			productName = LandmarksTests;
			productReference = E0ED0221250662F30026849B /* LandmarksTests.xctest */;
			productType = "com.apple.product-type.bundle.unit-test";
		};
		E0ED022B250662F30026849B /* LandmarksUITests */ = {
			isa = PBXNativeTarget;
			buildConfigurationList = E0ED023B250662F30026849B /* Build configuration list for PBXNativeTarget "LandmarksUITests" */;
			buildPhases = (
				E0ED0228250662F30026849B /* Sources */,
				E0ED0229250662F30026849B /* Frameworks */,
				E0ED022A250662F30026849B /* Resources */,
			);
			buildRules = (
			);
			dependencies = (
				E0ED022E250662F30026849B /* PBXTargetDependency */,
			);
			name = LandmarksUITests;
			productName = LandmarksUITests;
			productReference = E0ED022C250662F30026849B /* LandmarksUITests.xctest */;
			productType = "com.apple.product-type.bundle.ui-testing";
		};
/* End PBXNativeTarget section */

/* Begin PBXProject section */
		E0ED0203250662EF0026849B /* Project object */ = {
			isa = PBXProject;
			attributes = {
				LastSwiftUpdateCheck = 1170;
				LastUpgradeCheck = 1170;
				ORGANIZATIONNAME = "Timothy Hoiberg";
				TargetAttributes = {
					E0DDD52F250C88560018CB15 = {
						CreatedOnToolsVersion = 11.7;
					};
					E0DDD53B250C885A0018CB15 = {
						CreatedOnToolsVersion = 11.7;
					};
					E0DDD57F250CB6490018CB15 = {
						CreatedOnToolsVersion = 11.7;
					};
					E0DDD593250CB64C0018CB15 = {
						CreatedOnToolsVersion = 11.7;
						TestTargetID = E0DDD57F250CB6490018CB15;
					};
					E0DDD59E250CB64C0018CB15 = {
						CreatedOnToolsVersion = 11.7;
						TestTargetID = E0DDD57F250CB6490018CB15;
					};
					E0ED020A250662EF0026849B = {
						CreatedOnToolsVersion = 11.7;
					};
					E0ED0220250662F30026849B = {
						CreatedOnToolsVersion = 11.7;
						TestTargetID = E0ED020A250662EF0026849B;
					};
					E0ED022B250662F30026849B = {
						CreatedOnToolsVersion = 11.7;
						TestTargetID = E0ED020A250662EF0026849B;
					};
				};
			};
			buildConfigurationList = E0ED0206250662EF0026849B /* Build configuration list for PBXProject "Landmarks" */;
			compatibilityVersion = "Xcode 9.3";
			developmentRegion = en;
			hasScannedForEncodings = 0;
			knownRegions = (
				en,
				Base,
			);
			mainGroup = E0ED0202250662EF0026849B;
			productRefGroup = E0ED020C250662EF0026849B /* Products */;
			projectDirPath = "";
			projectRoot = "";
			targets = (
				E0ED020A250662EF0026849B /* Landmarks */,
				E0ED0220250662F30026849B /* LandmarksTests */,
				E0ED022B250662F30026849B /* LandmarksUITests */,
				E0DDD52F250C88560018CB15 /* WatchLandmarks */,
				E0DDD53B250C885A0018CB15 /* WatchLandmarks Extension */,
				E0DDD57F250CB6490018CB15 /* MacLandmarks */,
				E0DDD593250CB64C0018CB15 /* MacLandmarksTests */,
				E0DDD59E250CB64C0018CB15 /* MacLandmarksUITests */,
			);
		};
/* End PBXProject section */

/* Begin PBXResourcesBuildPhase section */
		E0DDD52E250C88560018CB15 /* Resources */ = {
			isa = PBXResourcesBuildPhase;
			buildActionMask = 2147483647;
			files = (
				E0DDD565250C8B8C0018CB15 /* Assets.xcassets in Resources */,
				E0DDD534250C88560018CB15 /* Interface.storyboard in Resources */,
			);
			runOnlyForDeploymentPostprocessing = 0;
		};
		E0DDD53A250C885A0018CB15 /* Resources */ = {
			isa = PBXResourcesBuildPhase;
			buildActionMask = 2147483647;
			files = (
				E0DDD572250C8BA30018CB15 /* silversalmoncreek.jpg in Resources */,
				E0DDD56A250C8BA30018CB15 /* charleyrivers.jpg in Resources */,
				E0DDD56B250C8BA30018CB15 /* chilkoottrail.jpg in Resources */,
				E0DDD566250C8BA30018CB15 /* charleyrivers_feature.jpg in Resources */,
				E0DDD56C250C8BA30018CB15 /* chincoteague.jpg in Resources */,
				E0DDD576250C8BA30018CB15 /* umbagog.jpg in Resources */,
				E0DDD570250C8BA30018CB15 /* landmarkData.json in Resources */,
				E0DDD575250C8BA30018CB15 /* twinlake.jpg in Resources */,
				E0DDD56E250C8BA30018CB15 /* icybay.jpg in Resources */,
				E0DDD567250C8BA30018CB15 /* stmarylake_feature.jpg in Resources */,
				E0DDD571250C8BA30018CB15 /* rainbowlake.jpg in Resources */,
				E0DDD56F250C8BA30018CB15 /* lakemcdonald.jpg in Resources */,
				E0DDD573250C8BA30018CB15 /* stmarylake.jpg in Resources */,
				E0DDD54F250C885A0018CB15 /* Preview Assets.xcassets in Resources */,
				E0DDD54C250C885A0018CB15 /* Assets.xcassets in Resources */,
				E0DDD569250C8BA30018CB15 /* hikeData.json in Resources */,
				E0DDD56D250C8BA30018CB15 /* hiddenlake.jpg in Resources */,
				E0DDD574250C8BA30018CB15 /* turtlerock.jpg in Resources */,
				E0DDD568250C8BA30018CB15 /* turtlerock_feature.jpg in Resources */,
			);
			runOnlyForDeploymentPostprocessing = 0;
		};
		E0DDD57E250CB6490018CB15 /* Resources */ = {
			isa = PBXResourcesBuildPhase;
			buildActionMask = 2147483647;
			files = (
				E0DDD58D250CB64C0018CB15 /* Main.storyboard in Resources */,
				E0DDD5BA250CB7670018CB15 /* rainbowlake.jpg in Resources */,
				E0DDD5BD250CB7670018CB15 /* turtlerock.jpg in Resources */,
				E0DDD5B4250CB7670018CB15 /* chilkoottrail.jpg in Resources */,
				E0DDD5BF250CB7670018CB15 /* umbagog.jpg in Resources */,
				E0DDD58A250CB64C0018CB15 /* Preview Assets.xcassets in Resources */,
				E0DDD5BE250CB7670018CB15 /* twinlake.jpg in Resources */,
				E0DDD5B8250CB7670018CB15 /* lakemcdonald.jpg in Resources */,
				E0DDD5AF250CB7670018CB15 /* charleyrivers_feature.jpg in Resources */,
				E0DDD5B5250CB7670018CB15 /* chincoteague.jpg in Resources */,
				E0DDD5B6250CB7670018CB15 /* hiddenlake.jpg in Resources */,
				E0DDD5B3250CB7670018CB15 /* charleyrivers.jpg in Resources */,
				E0DDD5B0250CB7670018CB15 /* stmarylake_feature.jpg in Resources */,
				E0DDD5B9250CB7670018CB15 /* landmarkData.json in Resources */,
				E0DDD587250CB64C0018CB15 /* Assets.xcassets in Resources */,
				E0DDD5BC250CB7670018CB15 /* stmarylake.jpg in Resources */,
				E0DDD5B2250CB7670018CB15 /* hikeData.json in Resources */,
				E0DDD5BB250CB7670018CB15 /* silversalmoncreek.jpg in Resources */,
				E0DDD5B7250CB7670018CB15 /* icybay.jpg in Resources */,
				E0DDD5B1250CB7670018CB15 /* turtlerock_feature.jpg in Resources */,
			);
			runOnlyForDeploymentPostprocessing = 0;
		};
		E0DDD592250CB64C0018CB15 /* Resources */ = {
			isa = PBXResourcesBuildPhase;
			buildActionMask = 2147483647;
			files = (
			);
			runOnlyForDeploymentPostprocessing = 0;
		};
		E0DDD59D250CB64C0018CB15 /* Resources */ = {
			isa = PBXResourcesBuildPhase;
			buildActionMask = 2147483647;
			files = (
			);
			runOnlyForDeploymentPostprocessing = 0;
		};
		E0ED0209250662EF0026849B /* Resources */ = {
			isa = PBXResourcesBuildPhase;
			buildActionMask = 2147483647;
			files = (
				E00FFDF22506738E0071909F /* turtlerock.jpg in Resources */,
				E00FFDFD2506738E0071909F /* rainbowlake.jpg in Resources */,
				E0DDD5CC250CBCF50018CB15 /* star-filled.pdf in Resources */,
				E06E80E325091EFC00EA5053 /* hikeData.json in Resources */,
				E00FFDFA2506738E0071909F /* chilkoottrail.jpg in Resources */,
				E0ED021B250662F30026849B /* LaunchScreen.storyboard in Resources */,
				E0ED0218250662F30026849B /* Preview Assets.xcassets in Resources */,
				E0DDD529250C77A70018CB15 /* charleyrivers_feature.jpg in Resources */,
				E00FFDFC2506738E0071909F /* twinlake.jpg in Resources */,
				E00FFDF72506738E0071909F /* lakemcdonald.jpg in Resources */,
				E0BDE81A25067DDB0038B4E5 /* charleyrivers.jpg in Resources */,
				E00FFDFB2506738E0071909F /* chincoteague.jpg in Resources */,
				E0DDD5CB250CBCF50018CB15 /* star-empty.pdf in Resources */,
				E0DDD52A250C77A70018CB15 /* stmarylake_feature.jpg in Resources */,
				E00FFDF82506738E0071909F /* umbagog.jpg in Resources */,
				E00FFDF32506738E0071909F /* landmarkData.json in Resources */,
				E00FFDF42506738E0071909F /* icybay.jpg in Resources */,
				E0ED0215250662F30026849B /* Assets.xcassets in Resources */,
				E00FFDFE2506738E0071909F /* silversalmoncreek.jpg in Resources */,
				E00FFDF62506738E0071909F /* hiddenlake.jpg in Resources */,
				E00FFDF52506738E0071909F /* stmarylake.jpg in Resources */,
				E0DDD52B250C77A70018CB15 /* turtlerock_feature.jpg in Resources */,
			);
			runOnlyForDeploymentPostprocessing = 0;
		};
		E0ED021F250662F30026849B /* Resources */ = {
			isa = PBXResourcesBuildPhase;
			buildActionMask = 2147483647;
			files = (
			);
			runOnlyForDeploymentPostprocessing = 0;
		};
		E0ED022A250662F30026849B /* Resources */ = {
			isa = PBXResourcesBuildPhase;
			buildActionMask = 2147483647;
			files = (
			);
			runOnlyForDeploymentPostprocessing = 0;
		};
/* End PBXResourcesBuildPhase section */

/* Begin PBXSourcesBuildPhase section */
		E0DDD538250C885A0018CB15 /* Sources */ = {
			isa = PBXSourcesBuildPhase;
			buildActionMask = 2147483647;
			files = (
				E0DDD55D250C89600018CB15 /* Hike.swift in Sources */,
				E0DDD57A250C95300018CB15 /* WatchMapView.swift in Sources */,
				E0DDD561250C89600018CB15 /* Profile.swift in Sources */,
				E0DDD563250C89600018CB15 /* LandmarkRow.swift in Sources */,
				E0DDD57B250C9C230018CB15 /* LandmarkList.swift in Sources */,
				E0DDD544250C885A0018CB15 /* HostingController.swift in Sources */,
				E0DDD55E250C89600018CB15 /* UserData.swift in Sources */,
				E0DDD55F250C89600018CB15 /* Landmark.swift in Sources */,
				E0DDD542250C885A0018CB15 /* ContentView.swift in Sources */,
				E0DDD548250C885A0018CB15 /* NotificationController.swift in Sources */,
				E0DDD546250C885A0018CB15 /* ExtensionDelegate.swift in Sources */,
				E0DDD578250C8BF60018CB15 /* WatchLandmarkDetail.swift in Sources */,
				E0DDD562250C89600018CB15 /* CircleImage.swift in Sources */,
				E0DDD560250C89600018CB15 /* Data.swift in Sources */,
				E0DDD54A250C885A0018CB15 /* NotificationView.swift in Sources */,
			);
			runOnlyForDeploymentPostprocessing = 0;
		};
		E0DDD57C250CB6490018CB15 /* Sources */ = {
			isa = PBXSourcesBuildPhase;
			buildActionMask = 2147483647;
			files = (
				E0C6AFC3250CF4DD005769BE /* NavigationDetail.swift in Sources */,
				E0DDD5C0250CB7670018CB15 /* Hike.swift in Sources */,
				E0DDD5D0250CEAA40018CB15 /* Filter.swift in Sources */,
				E0C6AFBF250CEFFC005769BE /* NavigationPrimary.swift in Sources */,
				E0DDD5C3250CB7670018CB15 /* Data.swift in Sources */,
				E0C6AFC1250CF2D7005769BE /* MapView.swift in Sources */,
				E0DDD585250CB6490018CB15 /* ContentView.swift in Sources */,
				E0C6AFC0250CF28E005769BE /* CircleImage.swift in Sources */,
				E0DDD5C4250CB7670018CB15 /* Profile.swift in Sources */,
				E0DDD5CE250CBE230018CB15 /* LandmarkList.swift in Sources */,
				E0DDD5C1250CB7670018CB15 /* UserData.swift in Sources */,
				E0DDD583250CB6490018CB15 /* AppDelegate.swift in Sources */,
				E0DDD5C6250CB7FA0018CB15 /* LandmarkRow.swift in Sources */,
				E0DDD5C2250CB7670018CB15 /* Landmark.swift in Sources */,
			);
			runOnlyForDeploymentPostprocessing = 0;
		};
		E0DDD590250CB64C0018CB15 /* Sources */ = {
			isa = PBXSourcesBuildPhase;
			buildActionMask = 2147483647;
			files = (
				E0DDD599250CB64C0018CB15 /* MacLandmarksTests.swift in Sources */,
			);
			runOnlyForDeploymentPostprocessing = 0;
		};
		E0DDD59B250CB64C0018CB15 /* Sources */ = {
			isa = PBXSourcesBuildPhase;
			buildActionMask = 2147483647;
			files = (
				E0DDD5A4250CB64C0018CB15 /* MacLandmarksUITests.swift in Sources */,
			);
			runOnlyForDeploymentPostprocessing = 0;
		};
		E0ED0207250662EF0026849B /* Sources */ = {
			isa = PBXSourcesBuildPhase;
			buildActionMask = 2147483647;
			files = (
				E02DBFEC2509D0CC006EF5D9 /* CategoryRow.swift in Sources */,
				E02DBFF3250A4CC7006EF5D9 /* Profile.swift in Sources */,
				E06E80E525091F6700EA5053 /* GraphCapsule.swift in Sources */,
				E07523532507DC1E00CBFC13 /* RotatedBadgeSymbol.swift in Sources */,
				E0DDD525250C76970018CB15 /* FeatureCard.swift in Sources */,
				E02DBFF1250A4C38006EF5D9 /* ProfileHost.swift in Sources */,
				E079E4BA2507D537003568CE /* HexagonParameters.swift in Sources */,
				E0DDD523250C73F40018CB15 /* PageView.swift in Sources */,
				E00FFDE3250673350071909F /* Data.swift in Sources */,
				E06E80DF25091DDF00EA5053 /* Hike.swift in Sources */,
				E0ED020F250662EF0026849B /* AppDelegate.swift in Sources */,
				E079E4B82507D4E2003568CE /* BadgeBackground.swift in Sources */,
				E06E80D925091D7A00EA5053 /* HikeView.swift in Sources */,
				E0ED02412506657B0026849B /* CircleImage.swift in Sources */,
				E0ED0243250666520026849B /* MapView.swift in Sources */,
				E00FFE02250673E20071909F /* LandmarkList.swift in Sources */,
				E079E4BE2507DA05003568CE /* BadgeSymbol.swift in Sources */,
				E0DDD521250C71D90018CB15 /* PageViewController.swift in Sources */,
				E0ED0211250662EF0026849B /* SceneDelegate.swift in Sources */,
				E0DDD51D250A4EFB0018CB15 /* HikeBadge.swift in Sources */,
				E02DBFEA2509CD34006EF5D9 /* Home.swift in Sources */,
				E0ED0213250662EF0026849B /* LandmarkDetail.swift in Sources */,
				E06E80DE25091DDF00EA5053 /* UserData.swift in Sources */,
				E00FFE002506739A0071909F /* LandmarkRow.swift in Sources */,
				E079E4BC2507D9E4003568CE /* Badge.swift in Sources */,
				E00FFDE12506732D0071909F /* Landmark.swift in Sources */,
				E02DBFF5250A4D74006EF5D9 /* ProfileSummary.swift in Sources */,
				E0DDD52D250C7F6D0018CB15 /* PageControl.swift in Sources */,
				E06E80DB25091DA000EA5053 /* HikeGraph.swift in Sources */,
				E06E80E125091E6B00EA5053 /* HikeDetail.swift in Sources */,
				E0DDD51F250A58FD0018CB15 /* ProfileEditor.swift in Sources */,
			);
			runOnlyForDeploymentPostprocessing = 0;
		};
		E0ED021D250662F30026849B /* Sources */ = {
			isa = PBXSourcesBuildPhase;
			buildActionMask = 2147483647;
			files = (
				E0ED0226250662F30026849B /* LandmarksTests.swift in Sources */,
			);
			runOnlyForDeploymentPostprocessing = 0;
		};
		E0ED0228250662F30026849B /* Sources */ = {
			isa = PBXSourcesBuildPhase;
			buildActionMask = 2147483647;
			files = (
				E0ED0231250662F30026849B /* LandmarksUITests.swift in Sources */,
			);
			runOnlyForDeploymentPostprocessing = 0;
		};
/* End PBXSourcesBuildPhase section */

/* Begin PBXTargetDependency section */
		E0DDD53F250C885A0018CB15 /* PBXTargetDependency */ = {
			isa = PBXTargetDependency;
			target = E0DDD53B250C885A0018CB15 /* WatchLandmarks Extension */;
			targetProxy = E0DDD53E250C885A0018CB15 /* PBXContainerItemProxy */;
		};
		E0DDD553250C885A0018CB15 /* PBXTargetDependency */ = {
			isa = PBXTargetDependency;
			target = E0DDD52F250C88560018CB15 /* WatchLandmarks */;
			targetProxy = E0DDD552250C885A0018CB15 /* PBXContainerItemProxy */;
		};
		E0DDD596250CB64C0018CB15 /* PBXTargetDependency */ = {
			isa = PBXTargetDependency;
			target = E0DDD57F250CB6490018CB15 /* MacLandmarks */;
			targetProxy = E0DDD595250CB64C0018CB15 /* PBXContainerItemProxy */;
		};
		E0DDD5A1250CB64C0018CB15 /* PBXTargetDependency */ = {
			isa = PBXTargetDependency;
			target = E0DDD57F250CB6490018CB15 /* MacLandmarks */;
			targetProxy = E0DDD5A0250CB64C0018CB15 /* PBXContainerItemProxy */;
		};
		E0ED0223250662F30026849B /* PBXTargetDependency */ = {
			isa = PBXTargetDependency;
			target = E0ED020A250662EF0026849B /* Landmarks */;
			targetProxy = E0ED0222250662F30026849B /* PBXContainerItemProxy */;
		};
		E0ED022E250662F30026849B /* PBXTargetDependency */ = {
			isa = PBXTargetDependency;
			target = E0ED020A250662EF0026849B /* Landmarks */;
			targetProxy = E0ED022D250662F30026849B /* PBXContainerItemProxy */;
		};
/* End PBXTargetDependency section */

/* Begin PBXVariantGroup section */
		E0DDD532250C88560018CB15 /* Interface.storyboard */ = {
			isa = PBXVariantGroup;
			children = (
				E0DDD533250C88560018CB15 /* Base */,
			);
			name = Interface.storyboard;
			sourceTree = "<group>";
		};
		E0DDD58B250CB64C0018CB15 /* Main.storyboard */ = {
			isa = PBXVariantGroup;
			children = (
				E0DDD58C250CB64C0018CB15 /* Base */,
			);
			name = Main.storyboard;
			sourceTree = "<group>";
		};
		E0ED0219250662F30026849B /* LaunchScreen.storyboard */ = {
			isa = PBXVariantGroup;
			children = (
				E0ED021A250662F30026849B /* Base */,
			);
			name = LaunchScreen.storyboard;
			sourceTree = "<group>";
		};
/* End PBXVariantGroup section */

/* Begin XCBuildConfiguration section */
		E0DDD556250C885A0018CB15 /* Debug */ = {
			isa = XCBuildConfiguration;
			buildSettings = {
				ASSETCATALOG_COMPILER_COMPLICATION_NAME = Complication;
				CODE_SIGN_STYLE = Automatic;
				DEVELOPMENT_ASSET_PATHS = "\"WatchLandmarks Extension/Preview Content\"";
				ENABLE_PREVIEWS = YES;
				INFOPLIST_FILE = "WatchLandmarks Extension/Info.plist";
				LD_RUNPATH_SEARCH_PATHS = (
					"$(inherited)",
					"@executable_path/Frameworks",
					"@executable_path/../../Frameworks",
				);
				PRODUCT_BUNDLE_IDENTIFIER = thoiberg.Landmarks.watchkitapp.watchkitextension;
				PRODUCT_NAME = "${TARGET_NAME}";
				SDKROOT = watchos;
				SKIP_INSTALL = YES;
				SWIFT_VERSION = 5.0;
				TARGETED_DEVICE_FAMILY = 4;
				WATCHOS_DEPLOYMENT_TARGET = 6.2;
			};
			name = Debug;
		};
		E0DDD557250C885A0018CB15 /* Release */ = {
			isa = XCBuildConfiguration;
			buildSettings = {
				ASSETCATALOG_COMPILER_COMPLICATION_NAME = Complication;
				CODE_SIGN_STYLE = Automatic;
				DEVELOPMENT_ASSET_PATHS = "\"WatchLandmarks Extension/Preview Content\"";
				ENABLE_PREVIEWS = YES;
				INFOPLIST_FILE = "WatchLandmarks Extension/Info.plist";
				LD_RUNPATH_SEARCH_PATHS = (
					"$(inherited)",
					"@executable_path/Frameworks",
					"@executable_path/../../Frameworks",
				);
				PRODUCT_BUNDLE_IDENTIFIER = thoiberg.Landmarks.watchkitapp.watchkitextension;
				PRODUCT_NAME = "${TARGET_NAME}";
				SDKROOT = watchos;
				SKIP_INSTALL = YES;
				SWIFT_VERSION = 5.0;
				TARGETED_DEVICE_FAMILY = 4;
				WATCHOS_DEPLOYMENT_TARGET = 6.2;
			};
			name = Release;
		};
		E0DDD55A250C885B0018CB15 /* Debug */ = {
			isa = XCBuildConfiguration;
			buildSettings = {
				ALWAYS_EMBED_SWIFT_STANDARD_LIBRARIES = YES;
				ASSETCATALOG_COMPILER_APPICON_NAME = AppIcon;
				CODE_SIGN_STYLE = Automatic;
				IBSC_MODULE = WatchLandmarks_Extension;
				INFOPLIST_FILE = WatchLandmarks/Info.plist;
				PRODUCT_BUNDLE_IDENTIFIER = thoiberg.Landmarks.watchkitapp;
				PRODUCT_NAME = "$(TARGET_NAME)";
				SDKROOT = watchos;
				SKIP_INSTALL = YES;
				SWIFT_VERSION = 5.0;
				TARGETED_DEVICE_FAMILY = 4;
				WATCHOS_DEPLOYMENT_TARGET = 6.2;
			};
			name = Debug;
		};
		E0DDD55B250C885B0018CB15 /* Release */ = {
			isa = XCBuildConfiguration;
			buildSettings = {
				ALWAYS_EMBED_SWIFT_STANDARD_LIBRARIES = YES;
				ASSETCATALOG_COMPILER_APPICON_NAME = AppIcon;
				CODE_SIGN_STYLE = Automatic;
				IBSC_MODULE = WatchLandmarks_Extension;
				INFOPLIST_FILE = WatchLandmarks/Info.plist;
				PRODUCT_BUNDLE_IDENTIFIER = thoiberg.Landmarks.watchkitapp;
				PRODUCT_NAME = "$(TARGET_NAME)";
				SDKROOT = watchos;
				SKIP_INSTALL = YES;
				SWIFT_VERSION = 5.0;
				TARGETED_DEVICE_FAMILY = 4;
				WATCHOS_DEPLOYMENT_TARGET = 6.2;
			};
			name = Release;
		};
		E0DDD5A7250CB64C0018CB15 /* Debug */ = {
			isa = XCBuildConfiguration;
			buildSettings = {
				ASSETCATALOG_COMPILER_APPICON_NAME = AppIcon;
				CODE_SIGN_ENTITLEMENTS = MacLandmarks/MacLandmarks.entitlements;
				CODE_SIGN_STYLE = Automatic;
				COMBINE_HIDPI_IMAGES = YES;
				DEVELOPMENT_ASSET_PATHS = "\"MacLandmarks/Preview Content\"";
				ENABLE_PREVIEWS = YES;
				INFOPLIST_FILE = MacLandmarks/Info.plist;
				LD_RUNPATH_SEARCH_PATHS = (
					"$(inherited)",
					"@executable_path/../Frameworks",
				);
				MACOSX_DEPLOYMENT_TARGET = 10.15.3;
				PRODUCT_BUNDLE_IDENTIFIER = thoiberg.MacLandmarks;
				PRODUCT_NAME = "$(TARGET_NAME)";
				SDKROOT = macosx;
				SWIFT_VERSION = 5.0;
			};
			name = Debug;
		};
		E0DDD5A8250CB64C0018CB15 /* Release */ = {
			isa = XCBuildConfiguration;
			buildSettings = {
				ASSETCATALOG_COMPILER_APPICON_NAME = AppIcon;
				CODE_SIGN_ENTITLEMENTS = MacLandmarks/MacLandmarks.entitlements;
				CODE_SIGN_STYLE = Automatic;
				COMBINE_HIDPI_IMAGES = YES;
				DEVELOPMENT_ASSET_PATHS = "\"MacLandmarks/Preview Content\"";
				ENABLE_PREVIEWS = YES;
				INFOPLIST_FILE = MacLandmarks/Info.plist;
				LD_RUNPATH_SEARCH_PATHS = (
					"$(inherited)",
					"@executable_path/../Frameworks",
				);
				MACOSX_DEPLOYMENT_TARGET = 10.15.3;
				PRODUCT_BUNDLE_IDENTIFIER = thoiberg.MacLandmarks;
				PRODUCT_NAME = "$(TARGET_NAME)";
				SDKROOT = macosx;
				SWIFT_VERSION = 5.0;
			};
			name = Release;
		};
		E0DDD5AA250CB64C0018CB15 /* Debug */ = {
			isa = XCBuildConfiguration;
			buildSettings = {
				ALWAYS_EMBED_SWIFT_STANDARD_LIBRARIES = YES;
				BUNDLE_LOADER = "$(TEST_HOST)";
				CODE_SIGN_STYLE = Automatic;
				COMBINE_HIDPI_IMAGES = YES;
				INFOPLIST_FILE = MacLandmarksTests/Info.plist;
				LD_RUNPATH_SEARCH_PATHS = (
					"$(inherited)",
					"@executable_path/../Frameworks",
					"@loader_path/../Frameworks",
				);
				MACOSX_DEPLOYMENT_TARGET = 10.15;
				PRODUCT_BUNDLE_IDENTIFIER = thoiberg.MacLandmarksTests;
				PRODUCT_NAME = "$(TARGET_NAME)";
				SDKROOT = macosx;
				SWIFT_VERSION = 5.0;
				TEST_HOST = "$(BUILT_PRODUCTS_DIR)/MacLandmarks.app/Contents/MacOS/MacLandmarks";
			};
			name = Debug;
		};
		E0DDD5AB250CB64C0018CB15 /* Release */ = {
			isa = XCBuildConfiguration;
			buildSettings = {
				ALWAYS_EMBED_SWIFT_STANDARD_LIBRARIES = YES;
				BUNDLE_LOADER = "$(TEST_HOST)";
				CODE_SIGN_STYLE = Automatic;
				COMBINE_HIDPI_IMAGES = YES;
				INFOPLIST_FILE = MacLandmarksTests/Info.plist;
				LD_RUNPATH_SEARCH_PATHS = (
					"$(inherited)",
					"@executable_path/../Frameworks",
					"@loader_path/../Frameworks",
				);
				MACOSX_DEPLOYMENT_TARGET = 10.15;
				PRODUCT_BUNDLE_IDENTIFIER = thoiberg.MacLandmarksTests;
				PRODUCT_NAME = "$(TARGET_NAME)";
				SDKROOT = macosx;
				SWIFT_VERSION = 5.0;
				TEST_HOST = "$(BUILT_PRODUCTS_DIR)/MacLandmarks.app/Contents/MacOS/MacLandmarks";
			};
			name = Release;
		};
		E0DDD5AD250CB64C0018CB15 /* Debug */ = {
			isa = XCBuildConfiguration;
			buildSettings = {
				ALWAYS_EMBED_SWIFT_STANDARD_LIBRARIES = YES;
				CODE_SIGN_STYLE = Automatic;
				COMBINE_HIDPI_IMAGES = YES;
				INFOPLIST_FILE = MacLandmarksUITests/Info.plist;
				LD_RUNPATH_SEARCH_PATHS = (
					"$(inherited)",
					"@executable_path/../Frameworks",
					"@loader_path/../Frameworks",
				);
				MACOSX_DEPLOYMENT_TARGET = 10.15;
				PRODUCT_BUNDLE_IDENTIFIER = thoiberg.MacLandmarksUITests;
				PRODUCT_NAME = "$(TARGET_NAME)";
				SDKROOT = macosx;
				SWIFT_VERSION = 5.0;
				TEST_TARGET_NAME = MacLandmarks;
			};
			name = Debug;
		};
		E0DDD5AE250CB64C0018CB15 /* Release */ = {
			isa = XCBuildConfiguration;
			buildSettings = {
				ALWAYS_EMBED_SWIFT_STANDARD_LIBRARIES = YES;
				CODE_SIGN_STYLE = Automatic;
				COMBINE_HIDPI_IMAGES = YES;
				INFOPLIST_FILE = MacLandmarksUITests/Info.plist;
				LD_RUNPATH_SEARCH_PATHS = (
					"$(inherited)",
					"@executable_path/../Frameworks",
					"@loader_path/../Frameworks",
				);
				MACOSX_DEPLOYMENT_TARGET = 10.15;
				PRODUCT_BUNDLE_IDENTIFIER = thoiberg.MacLandmarksUITests;
				PRODUCT_NAME = "$(TARGET_NAME)";
				SDKROOT = macosx;
				SWIFT_VERSION = 5.0;
				TEST_TARGET_NAME = MacLandmarks;
			};
			name = Release;
		};
		E0ED0233250662F30026849B /* Debug */ = {
			isa = XCBuildConfiguration;
			buildSettings = {
				ALWAYS_SEARCH_USER_PATHS = NO;
				CLANG_ANALYZER_NONNULL = YES;
				CLANG_ANALYZER_NUMBER_OBJECT_CONVERSION = YES_AGGRESSIVE;
				CLANG_CXX_LANGUAGE_STANDARD = "gnu++14";
				CLANG_CXX_LIBRARY = "libc++";
				CLANG_ENABLE_MODULES = YES;
				CLANG_ENABLE_OBJC_ARC = YES;
				CLANG_ENABLE_OBJC_WEAK = YES;
				CLANG_WARN_BLOCK_CAPTURE_AUTORELEASING = YES;
				CLANG_WARN_BOOL_CONVERSION = YES;
				CLANG_WARN_COMMA = YES;
				CLANG_WARN_CONSTANT_CONVERSION = YES;
				CLANG_WARN_DEPRECATED_OBJC_IMPLEMENTATIONS = YES;
				CLANG_WARN_DIRECT_OBJC_ISA_USAGE = YES_ERROR;
				CLANG_WARN_DOCUMENTATION_COMMENTS = YES;
				CLANG_WARN_EMPTY_BODY = YES;
				CLANG_WARN_ENUM_CONVERSION = YES;
				CLANG_WARN_INFINITE_RECURSION = YES;
				CLANG_WARN_INT_CONVERSION = YES;
				CLANG_WARN_NON_LITERAL_NULL_CONVERSION = YES;
				CLANG_WARN_OBJC_IMPLICIT_RETAIN_SELF = YES;
				CLANG_WARN_OBJC_LITERAL_CONVERSION = YES;
				CLANG_WARN_OBJC_ROOT_CLASS = YES_ERROR;
				CLANG_WARN_RANGE_LOOP_ANALYSIS = YES;
				CLANG_WARN_STRICT_PROTOTYPES = YES;
				CLANG_WARN_SUSPICIOUS_MOVE = YES;
				CLANG_WARN_UNGUARDED_AVAILABILITY = YES_AGGRESSIVE;
				CLANG_WARN_UNREACHABLE_CODE = YES;
				CLANG_WARN__DUPLICATE_METHOD_MATCH = YES;
				COPY_PHASE_STRIP = NO;
				DEBUG_INFORMATION_FORMAT = dwarf;
				ENABLE_STRICT_OBJC_MSGSEND = YES;
				ENABLE_TESTABILITY = YES;
				GCC_C_LANGUAGE_STANDARD = gnu11;
				GCC_DYNAMIC_NO_PIC = NO;
				GCC_NO_COMMON_BLOCKS = YES;
				GCC_OPTIMIZATION_LEVEL = 0;
				GCC_PREPROCESSOR_DEFINITIONS = (
					"DEBUG=1",
					"$(inherited)",
				);
				GCC_WARN_64_TO_32_BIT_CONVERSION = YES;
				GCC_WARN_ABOUT_RETURN_TYPE = YES_ERROR;
				GCC_WARN_UNDECLARED_SELECTOR = YES;
				GCC_WARN_UNINITIALIZED_AUTOS = YES_AGGRESSIVE;
				GCC_WARN_UNUSED_FUNCTION = YES;
				GCC_WARN_UNUSED_VARIABLE = YES;
				IPHONEOS_DEPLOYMENT_TARGET = 13.7;
				MTL_ENABLE_DEBUG_INFO = INCLUDE_SOURCE;
				MTL_FAST_MATH = YES;
				ONLY_ACTIVE_ARCH = YES;
				SDKROOT = iphoneos;
				SWIFT_ACTIVE_COMPILATION_CONDITIONS = DEBUG;
				SWIFT_OPTIMIZATION_LEVEL = "-Onone";
			};
			name = Debug;
		};
		E0ED0234250662F30026849B /* Release */ = {
			isa = XCBuildConfiguration;
			buildSettings = {
				ALWAYS_SEARCH_USER_PATHS = NO;
				CLANG_ANALYZER_NONNULL = YES;
				CLANG_ANALYZER_NUMBER_OBJECT_CONVERSION = YES_AGGRESSIVE;
				CLANG_CXX_LANGUAGE_STANDARD = "gnu++14";
				CLANG_CXX_LIBRARY = "libc++";
				CLANG_ENABLE_MODULES = YES;
				CLANG_ENABLE_OBJC_ARC = YES;
				CLANG_ENABLE_OBJC_WEAK = YES;
				CLANG_WARN_BLOCK_CAPTURE_AUTORELEASING = YES;
				CLANG_WARN_BOOL_CONVERSION = YES;
				CLANG_WARN_COMMA = YES;
				CLANG_WARN_CONSTANT_CONVERSION = YES;
				CLANG_WARN_DEPRECATED_OBJC_IMPLEMENTATIONS = YES;
				CLANG_WARN_DIRECT_OBJC_ISA_USAGE = YES_ERROR;
				CLANG_WARN_DOCUMENTATION_COMMENTS = YES;
				CLANG_WARN_EMPTY_BODY = YES;
				CLANG_WARN_ENUM_CONVERSION = YES;
				CLANG_WARN_INFINITE_RECURSION = YES;
				CLANG_WARN_INT_CONVERSION = YES;
				CLANG_WARN_NON_LITERAL_NULL_CONVERSION = YES;
				CLANG_WARN_OBJC_IMPLICIT_RETAIN_SELF = YES;
				CLANG_WARN_OBJC_LITERAL_CONVERSION = YES;
				CLANG_WARN_OBJC_ROOT_CLASS = YES_ERROR;
				CLANG_WARN_RANGE_LOOP_ANALYSIS = YES;
				CLANG_WARN_STRICT_PROTOTYPES = YES;
				CLANG_WARN_SUSPICIOUS_MOVE = YES;
				CLANG_WARN_UNGUARDED_AVAILABILITY = YES_AGGRESSIVE;
				CLANG_WARN_UNREACHABLE_CODE = YES;
				CLANG_WARN__DUPLICATE_METHOD_MATCH = YES;
				COPY_PHASE_STRIP = NO;
				DEBUG_INFORMATION_FORMAT = "dwarf-with-dsym";
				ENABLE_NS_ASSERTIONS = NO;
				ENABLE_STRICT_OBJC_MSGSEND = YES;
				GCC_C_LANGUAGE_STANDARD = gnu11;
				GCC_NO_COMMON_BLOCKS = YES;
				GCC_WARN_64_TO_32_BIT_CONVERSION = YES;
				GCC_WARN_ABOUT_RETURN_TYPE = YES_ERROR;
				GCC_WARN_UNDECLARED_SELECTOR = YES;
				GCC_WARN_UNINITIALIZED_AUTOS = YES_AGGRESSIVE;
				GCC_WARN_UNUSED_FUNCTION = YES;
				GCC_WARN_UNUSED_VARIABLE = YES;
				IPHONEOS_DEPLOYMENT_TARGET = 13.7;
				MTL_ENABLE_DEBUG_INFO = NO;
				MTL_FAST_MATH = YES;
				SDKROOT = iphoneos;
				SWIFT_COMPILATION_MODE = wholemodule;
				SWIFT_OPTIMIZATION_LEVEL = "-O";
				VALIDATE_PRODUCT = YES;
			};
			name = Release;
		};
		E0ED0236250662F30026849B /* Debug */ = {
			isa = XCBuildConfiguration;
			buildSettings = {
				ASSETCATALOG_COMPILER_APPICON_NAME = AppIcon;
				CODE_SIGN_STYLE = Automatic;
				DEVELOPMENT_ASSET_PATHS = "\"Landmarks/Preview Content\"";
				ENABLE_PREVIEWS = YES;
				INFOPLIST_FILE = Landmarks/Info.plist;
				LD_RUNPATH_SEARCH_PATHS = (
					"$(inherited)",
					"@executable_path/Frameworks",
				);
				PRODUCT_BUNDLE_IDENTIFIER = thoiberg.Landmarks;
				PRODUCT_NAME = "$(TARGET_NAME)";
				SWIFT_VERSION = 5.0;
				TARGETED_DEVICE_FAMILY = "1,2";
			};
			name = Debug;
		};
		E0ED0237250662F30026849B /* Release */ = {
			isa = XCBuildConfiguration;
			buildSettings = {
				ASSETCATALOG_COMPILER_APPICON_NAME = AppIcon;
				CODE_SIGN_STYLE = Automatic;
				DEVELOPMENT_ASSET_PATHS = "\"Landmarks/Preview Content\"";
				ENABLE_PREVIEWS = YES;
				INFOPLIST_FILE = Landmarks/Info.plist;
				LD_RUNPATH_SEARCH_PATHS = (
					"$(inherited)",
					"@executable_path/Frameworks",
				);
				PRODUCT_BUNDLE_IDENTIFIER = thoiberg.Landmarks;
				PRODUCT_NAME = "$(TARGET_NAME)";
				SWIFT_VERSION = 5.0;
				TARGETED_DEVICE_FAMILY = "1,2";
			};
			name = Release;
		};
		E0ED0239250662F30026849B /* Debug */ = {
			isa = XCBuildConfiguration;
			buildSettings = {
				ALWAYS_EMBED_SWIFT_STANDARD_LIBRARIES = YES;
				BUNDLE_LOADER = "$(TEST_HOST)";
				CODE_SIGN_STYLE = Automatic;
				INFOPLIST_FILE = LandmarksTests/Info.plist;
				IPHONEOS_DEPLOYMENT_TARGET = 13.7;
				LD_RUNPATH_SEARCH_PATHS = (
					"$(inherited)",
					"@executable_path/Frameworks",
					"@loader_path/Frameworks",
				);
				PRODUCT_BUNDLE_IDENTIFIER = thoiberg.LandmarksTests;
				PRODUCT_NAME = "$(TARGET_NAME)";
				SWIFT_VERSION = 5.0;
				TARGETED_DEVICE_FAMILY = "1,2";
				TEST_HOST = "$(BUILT_PRODUCTS_DIR)/Landmarks.app/Landmarks";
			};
			name = Debug;
		};
		E0ED023A250662F30026849B /* Release */ = {
			isa = XCBuildConfiguration;
			buildSettings = {
				ALWAYS_EMBED_SWIFT_STANDARD_LIBRARIES = YES;
				BUNDLE_LOADER = "$(TEST_HOST)";
				CODE_SIGN_STYLE = Automatic;
				INFOPLIST_FILE = LandmarksTests/Info.plist;
				IPHONEOS_DEPLOYMENT_TARGET = 13.7;
				LD_RUNPATH_SEARCH_PATHS = (
					"$(inherited)",
					"@executable_path/Frameworks",
					"@loader_path/Frameworks",
				);
				PRODUCT_BUNDLE_IDENTIFIER = thoiberg.LandmarksTests;
				PRODUCT_NAME = "$(TARGET_NAME)";
				SWIFT_VERSION = 5.0;
				TARGETED_DEVICE_FAMILY = "1,2";
				TEST_HOST = "$(BUILT_PRODUCTS_DIR)/Landmarks.app/Landmarks";
			};
			name = Release;
		};
		E0ED023C250662F30026849B /* Debug */ = {
			isa = XCBuildConfiguration;
			buildSettings = {
				ALWAYS_EMBED_SWIFT_STANDARD_LIBRARIES = YES;
				CODE_SIGN_STYLE = Automatic;
				INFOPLIST_FILE = LandmarksUITests/Info.plist;
				LD_RUNPATH_SEARCH_PATHS = (
					"$(inherited)",
					"@executable_path/Frameworks",
					"@loader_path/Frameworks",
				);
				PRODUCT_BUNDLE_IDENTIFIER = thoiberg.LandmarksUITests;
				PRODUCT_NAME = "$(TARGET_NAME)";
				SWIFT_VERSION = 5.0;
				TARGETED_DEVICE_FAMILY = "1,2";
				TEST_TARGET_NAME = Landmarks;
			};
			name = Debug;
		};
		E0ED023D250662F30026849B /* Release */ = {
			isa = XCBuildConfiguration;
			buildSettings = {
				ALWAYS_EMBED_SWIFT_STANDARD_LIBRARIES = YES;
				CODE_SIGN_STYLE = Automatic;
				INFOPLIST_FILE = LandmarksUITests/Info.plist;
				LD_RUNPATH_SEARCH_PATHS = (
					"$(inherited)",
					"@executable_path/Frameworks",
					"@loader_path/Frameworks",
				);
				PRODUCT_BUNDLE_IDENTIFIER = thoiberg.LandmarksUITests;
				PRODUCT_NAME = "$(TARGET_NAME)";
				SWIFT_VERSION = 5.0;
				TARGETED_DEVICE_FAMILY = "1,2";
				TEST_TARGET_NAME = Landmarks;
			};
			name = Release;
		};
/* End XCBuildConfiguration section */

/* Begin XCConfigurationList section */
		E0DDD555250C885A0018CB15 /* Build configuration list for PBXNativeTarget "WatchLandmarks Extension" */ = {
			isa = XCConfigurationList;
			buildConfigurations = (
				E0DDD556250C885A0018CB15 /* Debug */,
				E0DDD557250C885A0018CB15 /* Release */,
			);
			defaultConfigurationIsVisible = 0;
			defaultConfigurationName = Release;
		};
		E0DDD559250C885B0018CB15 /* Build configuration list for PBXNativeTarget "WatchLandmarks" */ = {
			isa = XCConfigurationList;
			buildConfigurations = (
				E0DDD55A250C885B0018CB15 /* Debug */,
				E0DDD55B250C885B0018CB15 /* Release */,
			);
			defaultConfigurationIsVisible = 0;
			defaultConfigurationName = Release;
		};
		E0DDD5A6250CB64C0018CB15 /* Build configuration list for PBXNativeTarget "MacLandmarks" */ = {
			isa = XCConfigurationList;
			buildConfigurations = (
				E0DDD5A7250CB64C0018CB15 /* Debug */,
				E0DDD5A8250CB64C0018CB15 /* Release */,
			);
			defaultConfigurationIsVisible = 0;
			defaultConfigurationName = Release;
		};
		E0DDD5A9250CB64C0018CB15 /* Build configuration list for PBXNativeTarget "MacLandmarksTests" */ = {
			isa = XCConfigurationList;
			buildConfigurations = (
				E0DDD5AA250CB64C0018CB15 /* Debug */,
				E0DDD5AB250CB64C0018CB15 /* Release */,
			);
			defaultConfigurationIsVisible = 0;
			defaultConfigurationName = Release;
		};
		E0DDD5AC250CB64C0018CB15 /* Build configuration list for PBXNativeTarget "MacLandmarksUITests" */ = {
			isa = XCConfigurationList;
			buildConfigurations = (
				E0DDD5AD250CB64C0018CB15 /* Debug */,
				E0DDD5AE250CB64C0018CB15 /* Release */,
			);
			defaultConfigurationIsVisible = 0;
			defaultConfigurationName = Release;
		};
		E0ED0206250662EF0026849B /* Build configuration list for PBXProject "Landmarks" */ = {
			isa = XCConfigurationList;
			buildConfigurations = (
				E0ED0233250662F30026849B /* Debug */,
				E0ED0234250662F30026849B /* Release */,
			);
			defaultConfigurationIsVisible = 0;
			defaultConfigurationName = Release;
		};
		E0ED0235250662F30026849B /* Build configuration list for PBXNativeTarget "Landmarks" */ = {
			isa = XCConfigurationList;
			buildConfigurations = (
				E0ED0236250662F30026849B /* Debug */,
				E0ED0237250662F30026849B /* Release */,
			);
			defaultConfigurationIsVisible = 0;
			defaultConfigurationName = Release;
		};
		E0ED0238250662F30026849B /* Build configuration list for PBXNativeTarget "LandmarksTests" */ = {
			isa = XCConfigurationList;
			buildConfigurations = (
				E0ED0239250662F30026849B /* Debug */,
				E0ED023A250662F30026849B /* Release */,
			);
			defaultConfigurationIsVisible = 0;
			defaultConfigurationName = Release;
		};
		E0ED023B250662F30026849B /* Build configuration list for PBXNativeTarget "LandmarksUITests" */ = {
			isa = XCConfigurationList;
			buildConfigurations = (
				E0ED023C250662F30026849B /* Debug */,
				E0ED023D250662F30026849B /* Release */,
			);
			defaultConfigurationIsVisible = 0;
			defaultConfigurationName = Release;
		};
/* End XCConfigurationList section */
	};
	rootObject = E0ED0203250662EF0026849B /* Project object */;
}
